
Microsoft Visual Studio Solution File, Format Version 12.00
# Visual Studio Version 17
VisualStudioVersion = 17.3.32929.385
MinimumVisualStudioVersion = 10.0.40219.1
Project("{8BC9CEB8-8B4A-11D0-8D11-00A0C91BC942}") = "foo_midi", "foo_midi.vcxproj", "{4588FF4C-92BF-4EA0-9FD4-6AAEE89D4843}"
	ProjectSection(ProjectDependencies) = postProject
		{69719831-D965-4AED-91C1-70C4FF01945D} = {69719831-D965-4AED-91C1-70C4FF01945D}
	EndProjectSection
EndProject
Project("{8BC9CEB8-8B4A-11D0-8D11-00A0C91BC942}") = "foobar2000_component_client", "..\sdk\foobar2000\foobar2000_component_client\foobar2000_component_client.vcxproj", "{71AD2674-065B-48F5-B8B0-E1F9D3892081}"
EndProject
Project("{8BC9CEB8-8B4A-11D0-8D11-00A0C91BC942}") = "foobar2000_SDK", "..\sdk\foobar2000\SDK\foobar2000_SDK.vcxproj", "{E8091321-D79D-4575-86EF-064EA1A4A20D}"
EndProject
Project("{8BC9CEB8-8B4A-11D0-8D11-00A0C91BC942}") = "foobar2000_sdk_helpers", "..\sdk\foobar2000\helpers\foobar2000_sdk_helpers.vcxproj", "{EE47764E-A202-4F85-A767-ABDAB4AFF35F}"
EndProject
Project("{8BC9CEB8-8B4A-11D0-8D11-00A0C91BC942}") = "pfc", "..\sdk\pfc\pfc.vcxproj", "{EBFFFB4E-261D-44D3-B89C-957B31A0BF9C}"
EndProject
Project("{8BC9CEB8-8B4A-11D0-8D11-00A0C91BC942}") = "emidi", "3rdParty\scc\emidi_alpha\emidi.vcxproj", "{69719831-D965-4AED-91C1-70C4FF01945D}"
EndProject
Project("{8BC9CEB8-8B4A-11D0-8D11-00A0C91BC942}") = "midi_processing", "3rdParty\midi_processing\midi_processing.vcxproj", "{4573E081-973B-47F0-A67D-551761BA1678}"
EndProject
Project("{8BC9CEB8-8B4A-11D0-8D11-00A0C91BC942}") = "libadlmidi", "3rdParty\libADLMIDI\windows\libadlmidi.vcxproj", "{F6039EEC-6F65-493B-B007-512550690F03}"
EndProject
Project("{8BC9CEB8-8B4A-11D0-8D11-00A0C91BC942}") = "libopnmidi", "3rdParty\libOPNMIDI\windows\libopnmidi.vcxproj", "{7F212E63-0B40-4FFE-8CD5-19A1A397B5E5}"
EndProject
Project("{8BC9CEB8-8B4A-11D0-8D11-00A0C91BC942}") = "libPPUI", "..\sdk\libPPUI\libPPUI.vcxproj", "{7729EB82-4069-4414-964B-AD399091A03F}"
EndProject
Project("{8BC9CEB8-8B4A-11D0-8D11-00A0C91BC942}") = "mt32emu", "3rdParty\munt\mt32emu\mt32emu_msvc7.vcxproj", "{063A149D-E48C-499B-B13F-7A70C140A662}"
EndProject
Project("{2150E333-8FDC-42A3-9474-1A3956D46DE8}") = "3rdParty", "3rdParty", "{934E35B0-D456-431E-A256-373DACFE54D3}"
EndProject
Project("{2150E333-8FDC-42A3-9474-1A3956D46DE8}") = "SDK", "SDK", "{57390DC5-1075-4614-A410-6BA90B54562B}"
EndProject
Project("{2150E333-8FDC-42A3-9474-1A3956D46DE8}") = "Solution Items", "Solution Items", "{23154C7B-6EC7-40DC-8E09-362CD81920EB}"
	ProjectSection(SolutionItems) = preProject
		README.md = README.md
	EndProjectSection
EndProject
Global
	GlobalSection(SolutionConfigurationPlatforms) = preSolution
		Debug FB2K|ARM64 = Debug FB2K|ARM64
		Debug FB2K|ARM64EC = Debug FB2K|ARM64EC
		Debug FB2K|x64 = Debug FB2K|x64
		Debug FB2K|x86 = Debug FB2K|x86
		Debug|ARM64 = Debug|ARM64
		Debug|ARM64EC = Debug|ARM64EC
		Debug|x64 = Debug|x64
		Debug|x86 = Debug|x86
		Release FB2K|ARM64 = Release FB2K|ARM64
		Release FB2K|ARM64EC = Release FB2K|ARM64EC
		Release FB2K|x64 = Release FB2K|x64
		Release FB2K|x86 = Release FB2K|x86
		Release x86|ARM64 = Release x86|ARM64
		Release x86|ARM64EC = Release x86|ARM64EC
		Release x86|x64 = Release x86|x64
		Release x86|x86 = Release x86|x86
		Release|ARM64 = Release|ARM64
		Release|ARM64EC = Release|ARM64EC
		Release|x64 = Release|x64
		Release|x86 = Release|x86
	EndGlobalSection
	GlobalSection(ProjectConfigurationPlatforms) = postSolution
		{4588FF4C-92BF-4EA0-9FD4-6AAEE89D4843}.Debug FB2K|ARM64.ActiveCfg = Debug|Win32
		{4588FF4C-92BF-4EA0-9FD4-6AAEE89D4843}.Debug FB2K|ARM64.Build.0 = Debug|Win32
		{4588FF4C-92BF-4EA0-9FD4-6AAEE89D4843}.Debug FB2K|ARM64EC.ActiveCfg = Debug|Win32
		{4588FF4C-92BF-4EA0-9FD4-6AAEE89D4843}.Debug FB2K|ARM64EC.Build.0 = Debug|Win32
		{4588FF4C-92BF-4EA0-9FD4-6AAEE89D4843}.Debug FB2K|x64.ActiveCfg = Debug|Win32
		{4588FF4C-92BF-4EA0-9FD4-6AAEE89D4843}.Debug FB2K|x64.Build.0 = Debug|Win32
		{4588FF4C-92BF-4EA0-9FD4-6AAEE89D4843}.Debug FB2K|x86.ActiveCfg = Debug|Win32
		{4588FF4C-92BF-4EA0-9FD4-6AAEE89D4843}.Debug FB2K|x86.Build.0 = Debug|Win32
		{4588FF4C-92BF-4EA0-9FD4-6AAEE89D4843}.Debug|ARM64.ActiveCfg = Debug|Win32
		{4588FF4C-92BF-4EA0-9FD4-6AAEE89D4843}.Debug|ARM64.Build.0 = Debug|Win32
		{4588FF4C-92BF-4EA0-9FD4-6AAEE89D4843}.Debug|ARM64EC.ActiveCfg = Debug|Win32
		{4588FF4C-92BF-4EA0-9FD4-6AAEE89D4843}.Debug|ARM64EC.Build.0 = Debug|Win32
		{4588FF4C-92BF-4EA0-9FD4-6AAEE89D4843}.Debug|x64.ActiveCfg = Debug|x64
		{4588FF4C-92BF-4EA0-9FD4-6AAEE89D4843}.Debug|x64.Build.0 = Debug|x64
		{4588FF4C-92BF-4EA0-9FD4-6AAEE89D4843}.Debug|x86.ActiveCfg = Debug|Win32
		{4588FF4C-92BF-4EA0-9FD4-6AAEE89D4843}.Debug|x86.Build.0 = Debug|Win32
		{4588FF4C-92BF-4EA0-9FD4-6AAEE89D4843}.Release FB2K|ARM64.ActiveCfg = Release|Win32
		{4588FF4C-92BF-4EA0-9FD4-6AAEE89D4843}.Release FB2K|ARM64.Build.0 = Release|Win32
		{4588FF4C-92BF-4EA0-9FD4-6AAEE89D4843}.Release FB2K|ARM64EC.ActiveCfg = Release|Win32
		{4588FF4C-92BF-4EA0-9FD4-6AAEE89D4843}.Release FB2K|ARM64EC.Build.0 = Release|Win32
		{4588FF4C-92BF-4EA0-9FD4-6AAEE89D4843}.Release FB2K|x64.ActiveCfg = Release|Win32
		{4588FF4C-92BF-4EA0-9FD4-6AAEE89D4843}.Release FB2K|x64.Build.0 = Release|Win32
		{4588FF4C-92BF-4EA0-9FD4-6AAEE89D4843}.Release FB2K|x86.ActiveCfg = Release|Win32
		{4588FF4C-92BF-4EA0-9FD4-6AAEE89D4843}.Release FB2K|x86.Build.0 = Release|Win32
		{4588FF4C-92BF-4EA0-9FD4-6AAEE89D4843}.Release x86|ARM64.ActiveCfg = Release|Win32
		{4588FF4C-92BF-4EA0-9FD4-6AAEE89D4843}.Release x86|ARM64.Build.0 = Release|Win32
		{4588FF4C-92BF-4EA0-9FD4-6AAEE89D4843}.Release x86|ARM64EC.ActiveCfg = Release|Win32
		{4588FF4C-92BF-4EA0-9FD4-6AAEE89D4843}.Release x86|ARM64EC.Build.0 = Release|Win32
		{4588FF4C-92BF-4EA0-9FD4-6AAEE89D4843}.Release x86|x64.ActiveCfg = Release|Win32
		{4588FF4C-92BF-4EA0-9FD4-6AAEE89D4843}.Release x86|x64.Build.0 = Release|Win32
		{4588FF4C-92BF-4EA0-9FD4-6AAEE89D4843}.Release x86|x86.ActiveCfg = Release|Win32
		{4588FF4C-92BF-4EA0-9FD4-6AAEE89D4843}.Release x86|x86.Build.0 = Release|Win32
		{4588FF4C-92BF-4EA0-9FD4-6AAEE89D4843}.Release|ARM64.ActiveCfg = Release|Win32
		{4588FF4C-92BF-4EA0-9FD4-6AAEE89D4843}.Release|ARM64.Build.0 = Release|Win32
		{4588FF4C-92BF-4EA0-9FD4-6AAEE89D4843}.Release|ARM64EC.ActiveCfg = Release|Win32
		{4588FF4C-92BF-4EA0-9FD4-6AAEE89D4843}.Release|ARM64EC.Build.0 = Release|Win32
		{4588FF4C-92BF-4EA0-9FD4-6AAEE89D4843}.Release|x64.ActiveCfg = Release|x64
		{4588FF4C-92BF-4EA0-9FD4-6AAEE89D4843}.Release|x64.Build.0 = Release|x64
		{4588FF4C-92BF-4EA0-9FD4-6AAEE89D4843}.Release|x86.ActiveCfg = Release|Win32
		{4588FF4C-92BF-4EA0-9FD4-6AAEE89D4843}.Release|x86.Build.0 = Release|Win32
		{71AD2674-065B-48F5-B8B0-E1F9D3892081}.Debug FB2K|ARM64.ActiveCfg = Debug|ARM64
		{71AD2674-065B-48F5-B8B0-E1F9D3892081}.Debug FB2K|ARM64.Build.0 = Debug|ARM64
		{71AD2674-065B-48F5-B8B0-E1F9D3892081}.Debug FB2K|ARM64EC.ActiveCfg = Debug|ARM64EC
		{71AD2674-065B-48F5-B8B0-E1F9D3892081}.Debug FB2K|ARM64EC.Build.0 = Debug|ARM64EC
		{71AD2674-065B-48F5-B8B0-E1F9D3892081}.Debug FB2K|x64.ActiveCfg = Debug|x64
		{71AD2674-065B-48F5-B8B0-E1F9D3892081}.Debug FB2K|x64.Build.0 = Debug|x64
		{71AD2674-065B-48F5-B8B0-E1F9D3892081}.Debug FB2K|x86.ActiveCfg = Debug|Win32
		{71AD2674-065B-48F5-B8B0-E1F9D3892081}.Debug FB2K|x86.Build.0 = Debug|Win32
		{71AD2674-065B-48F5-B8B0-E1F9D3892081}.Debug|ARM64.ActiveCfg = Debug|ARM64
		{71AD2674-065B-48F5-B8B0-E1F9D3892081}.Debug|ARM64.Build.0 = Debug|ARM64
		{71AD2674-065B-48F5-B8B0-E1F9D3892081}.Debug|ARM64EC.ActiveCfg = Debug|ARM64EC
		{71AD2674-065B-48F5-B8B0-E1F9D3892081}.Debug|ARM64EC.Build.0 = Debug|ARM64EC
		{71AD2674-065B-48F5-B8B0-E1F9D3892081}.Debug|x64.ActiveCfg = Debug|x64
		{71AD2674-065B-48F5-B8B0-E1F9D3892081}.Debug|x64.Build.0 = Debug|x64
		{71AD2674-065B-48F5-B8B0-E1F9D3892081}.Debug|x86.ActiveCfg = Debug|Win32
		{71AD2674-065B-48F5-B8B0-E1F9D3892081}.Debug|x86.Build.0 = Debug|Win32
		{71AD2674-065B-48F5-B8B0-E1F9D3892081}.Release FB2K|ARM64.ActiveCfg = Release|ARM64
		{71AD2674-065B-48F5-B8B0-E1F9D3892081}.Release FB2K|ARM64.Build.0 = Release|ARM64
		{71AD2674-065B-48F5-B8B0-E1F9D3892081}.Release FB2K|ARM64EC.ActiveCfg = Release x86|ARM64EC
		{71AD2674-065B-48F5-B8B0-E1F9D3892081}.Release FB2K|ARM64EC.Build.0 = Release x86|ARM64EC
		{71AD2674-065B-48F5-B8B0-E1F9D3892081}.Release FB2K|x64.ActiveCfg = Release|x64
		{71AD2674-065B-48F5-B8B0-E1F9D3892081}.Release FB2K|x64.Build.0 = Release|x64
		{71AD2674-065B-48F5-B8B0-E1F9D3892081}.Release FB2K|x86.ActiveCfg = Release|Win32
		{71AD2674-065B-48F5-B8B0-E1F9D3892081}.Release FB2K|x86.Build.0 = Release|Win32
		{71AD2674-065B-48F5-B8B0-E1F9D3892081}.Release x86|ARM64.ActiveCfg = Release x86|ARM64EC
		{71AD2674-065B-48F5-B8B0-E1F9D3892081}.Release x86|ARM64.Build.0 = Release x86|ARM64EC
		{71AD2674-065B-48F5-B8B0-E1F9D3892081}.Release x86|ARM64EC.ActiveCfg = Release x86|ARM64EC
		{71AD2674-065B-48F5-B8B0-E1F9D3892081}.Release x86|ARM64EC.Build.0 = Release x86|ARM64EC
		{71AD2674-065B-48F5-B8B0-E1F9D3892081}.Release x86|x64.ActiveCfg = Release x86|ARM64EC
		{71AD2674-065B-48F5-B8B0-E1F9D3892081}.Release x86|x64.Build.0 = Release x86|ARM64EC
		{71AD2674-065B-48F5-B8B0-E1F9D3892081}.Release x86|x86.ActiveCfg = Release x86|ARM64EC
		{71AD2674-065B-48F5-B8B0-E1F9D3892081}.Release x86|x86.Build.0 = Release x86|ARM64EC
		{71AD2674-065B-48F5-B8B0-E1F9D3892081}.Release|ARM64.ActiveCfg = Release|ARM64
		{71AD2674-065B-48F5-B8B0-E1F9D3892081}.Release|ARM64.Build.0 = Release|ARM64
		{71AD2674-065B-48F5-B8B0-E1F9D3892081}.Release|ARM64EC.ActiveCfg = Release|ARM64EC
		{71AD2674-065B-48F5-B8B0-E1F9D3892081}.Release|ARM64EC.Build.0 = Release|ARM64EC
		{71AD2674-065B-48F5-B8B0-E1F9D3892081}.Release|x64.ActiveCfg = Release|x64
		{71AD2674-065B-48F5-B8B0-E1F9D3892081}.Release|x64.Build.0 = Release|x64
		{71AD2674-065B-48F5-B8B0-E1F9D3892081}.Release|x86.ActiveCfg = Release|Win32
		{71AD2674-065B-48F5-B8B0-E1F9D3892081}.Release|x86.Build.0 = Release|Win32
		{E8091321-D79D-4575-86EF-064EA1A4A20D}.Debug FB2K|ARM64.ActiveCfg = Debug|ARM64
		{E8091321-D79D-4575-86EF-064EA1A4A20D}.Debug FB2K|ARM64.Build.0 = Debug|ARM64
		{E8091321-D79D-4575-86EF-064EA1A4A20D}.Debug FB2K|ARM64EC.ActiveCfg = Debug|ARM64EC
		{E8091321-D79D-4575-86EF-064EA1A4A20D}.Debug FB2K|ARM64EC.Build.0 = Debug|ARM64EC
		{E8091321-D79D-4575-86EF-064EA1A4A20D}.Debug FB2K|x64.ActiveCfg = Debug|x64
		{E8091321-D79D-4575-86EF-064EA1A4A20D}.Debug FB2K|x64.Build.0 = Debug|x64
		{E8091321-D79D-4575-86EF-064EA1A4A20D}.Debug FB2K|x86.ActiveCfg = Debug|Win32
		{E8091321-D79D-4575-86EF-064EA1A4A20D}.Debug FB2K|x86.Build.0 = Debug|Win32
		{E8091321-D79D-4575-86EF-064EA1A4A20D}.Debug|ARM64.ActiveCfg = Debug|ARM64
		{E8091321-D79D-4575-86EF-064EA1A4A20D}.Debug|ARM64.Build.0 = Debug|ARM64
		{E8091321-D79D-4575-86EF-064EA1A4A20D}.Debug|ARM64EC.ActiveCfg = Debug|ARM64EC
		{E8091321-D79D-4575-86EF-064EA1A4A20D}.Debug|ARM64EC.Build.0 = Debug|ARM64EC
		{E8091321-D79D-4575-86EF-064EA1A4A20D}.Debug|x64.ActiveCfg = Debug|x64
		{E8091321-D79D-4575-86EF-064EA1A4A20D}.Debug|x64.Build.0 = Debug|x64
		{E8091321-D79D-4575-86EF-064EA1A4A20D}.Debug|x86.ActiveCfg = Debug|Win32
		{E8091321-D79D-4575-86EF-064EA1A4A20D}.Debug|x86.Build.0 = Debug|Win32
		{E8091321-D79D-4575-86EF-064EA1A4A20D}.Release FB2K|ARM64.ActiveCfg = Release|ARM64
		{E8091321-D79D-4575-86EF-064EA1A4A20D}.Release FB2K|ARM64.Build.0 = Release|ARM64
		{E8091321-D79D-4575-86EF-064EA1A4A20D}.Release FB2K|ARM64EC.ActiveCfg = Release|ARM64EC
		{E8091321-D79D-4575-86EF-064EA1A4A20D}.Release FB2K|ARM64EC.Build.0 = Release|ARM64EC
		{E8091321-D79D-4575-86EF-064EA1A4A20D}.Release FB2K|x64.ActiveCfg = Release|x64
		{E8091321-D79D-4575-86EF-064EA1A4A20D}.Release FB2K|x64.Build.0 = Release|x64
		{E8091321-D79D-4575-86EF-064EA1A4A20D}.Release FB2K|x86.ActiveCfg = Release|Win32
		{E8091321-D79D-4575-86EF-064EA1A4A20D}.Release FB2K|x86.Build.0 = Release|Win32
		{E8091321-D79D-4575-86EF-064EA1A4A20D}.Release x86|ARM64.ActiveCfg = Release|ARM64
		{E8091321-D79D-4575-86EF-064EA1A4A20D}.Release x86|ARM64.Build.0 = Release|ARM64
		{E8091321-D79D-4575-86EF-064EA1A4A20D}.Release x86|ARM64EC.ActiveCfg = Release|ARM64EC
		{E8091321-D79D-4575-86EF-064EA1A4A20D}.Release x86|ARM64EC.Build.0 = Release|ARM64EC
		{E8091321-D79D-4575-86EF-064EA1A4A20D}.Release x86|x64.ActiveCfg = Release|x64
		{E8091321-D79D-4575-86EF-064EA1A4A20D}.Release x86|x64.Build.0 = Release|x64
		{E8091321-D79D-4575-86EF-064EA1A4A20D}.Release x86|x86.ActiveCfg = Release|Win32
		{E8091321-D79D-4575-86EF-064EA1A4A20D}.Release x86|x86.Build.0 = Release|Win32
		{E8091321-D79D-4575-86EF-064EA1A4A20D}.Release|ARM64.ActiveCfg = Release|ARM64
		{E8091321-D79D-4575-86EF-064EA1A4A20D}.Release|ARM64.Build.0 = Release|ARM64
		{E8091321-D79D-4575-86EF-064EA1A4A20D}.Release|ARM64EC.ActiveCfg = Release|ARM64EC
		{E8091321-D79D-4575-86EF-064EA1A4A20D}.Release|ARM64EC.Build.0 = Release|ARM64EC
		{E8091321-D79D-4575-86EF-064EA1A4A20D}.Release|x64.ActiveCfg = Release|x64
		{E8091321-D79D-4575-86EF-064EA1A4A20D}.Release|x64.Build.0 = Release|x64
		{E8091321-D79D-4575-86EF-064EA1A4A20D}.Release|x86.ActiveCfg = Release|Win32
		{E8091321-D79D-4575-86EF-064EA1A4A20D}.Release|x86.Build.0 = Release|Win32
		{EE47764E-A202-4F85-A767-ABDAB4AFF35F}.Debug FB2K|ARM64.ActiveCfg = Debug|ARM64
		{EE47764E-A202-4F85-A767-ABDAB4AFF35F}.Debug FB2K|ARM64.Build.0 = Debug|ARM64
		{EE47764E-A202-4F85-A767-ABDAB4AFF35F}.Debug FB2K|ARM64EC.ActiveCfg = Debug|ARM64EC
		{EE47764E-A202-4F85-A767-ABDAB4AFF35F}.Debug FB2K|ARM64EC.Build.0 = Debug|ARM64EC
		{EE47764E-A202-4F85-A767-ABDAB4AFF35F}.Debug FB2K|x64.ActiveCfg = Debug|x64
		{EE47764E-A202-4F85-A767-ABDAB4AFF35F}.Debug FB2K|x64.Build.0 = Debug|x64
		{EE47764E-A202-4F85-A767-ABDAB4AFF35F}.Debug FB2K|x86.ActiveCfg = Debug|Win32
		{EE47764E-A202-4F85-A767-ABDAB4AFF35F}.Debug FB2K|x86.Build.0 = Debug|Win32
		{EE47764E-A202-4F85-A767-ABDAB4AFF35F}.Debug|ARM64.ActiveCfg = Debug|ARM64
		{EE47764E-A202-4F85-A767-ABDAB4AFF35F}.Debug|ARM64.Build.0 = Debug|ARM64
		{EE47764E-A202-4F85-A767-ABDAB4AFF35F}.Debug|ARM64EC.ActiveCfg = Debug|ARM64EC
		{EE47764E-A202-4F85-A767-ABDAB4AFF35F}.Debug|ARM64EC.Build.0 = Debug|ARM64EC
		{EE47764E-A202-4F85-A767-ABDAB4AFF35F}.Debug|x64.ActiveCfg = Debug|x64
		{EE47764E-A202-4F85-A767-ABDAB4AFF35F}.Debug|x64.Build.0 = Debug|x64
		{EE47764E-A202-4F85-A767-ABDAB4AFF35F}.Debug|x86.ActiveCfg = Debug|Win32
		{EE47764E-A202-4F85-A767-ABDAB4AFF35F}.Debug|x86.Build.0 = Debug|Win32
		{EE47764E-A202-4F85-A767-ABDAB4AFF35F}.Release FB2K|ARM64.ActiveCfg = Release|ARM64
		{EE47764E-A202-4F85-A767-ABDAB4AFF35F}.Release FB2K|ARM64.Build.0 = Release|ARM64
		{EE47764E-A202-4F85-A767-ABDAB4AFF35F}.Release FB2K|ARM64EC.ActiveCfg = Release|ARM64EC
		{EE47764E-A202-4F85-A767-ABDAB4AFF35F}.Release FB2K|ARM64EC.Build.0 = Release|ARM64EC
		{EE47764E-A202-4F85-A767-ABDAB4AFF35F}.Release FB2K|x64.ActiveCfg = Release|x64
		{EE47764E-A202-4F85-A767-ABDAB4AFF35F}.Release FB2K|x64.Build.0 = Release|x64
		{EE47764E-A202-4F85-A767-ABDAB4AFF35F}.Release FB2K|x86.ActiveCfg = Release|Win32
		{EE47764E-A202-4F85-A767-ABDAB4AFF35F}.Release FB2K|x86.Build.0 = Release|Win32
		{EE47764E-A202-4F85-A767-ABDAB4AFF35F}.Release x86|ARM64.ActiveCfg = Release|ARM64
		{EE47764E-A202-4F85-A767-ABDAB4AFF35F}.Release x86|ARM64.Build.0 = Release|ARM64
		{EE47764E-A202-4F85-A767-ABDAB4AFF35F}.Release x86|ARM64EC.ActiveCfg = Release|ARM64EC
		{EE47764E-A202-4F85-A767-ABDAB4AFF35F}.Release x86|ARM64EC.Build.0 = Release|ARM64EC
		{EE47764E-A202-4F85-A767-ABDAB4AFF35F}.Release x86|x64.ActiveCfg = Release|x64
		{EE47764E-A202-4F85-A767-ABDAB4AFF35F}.Release x86|x64.Build.0 = Release|x64
		{EE47764E-A202-4F85-A767-ABDAB4AFF35F}.Release x86|x86.ActiveCfg = Release|Win32
		{EE47764E-A202-4F85-A767-ABDAB4AFF35F}.Release x86|x86.Build.0 = Release|Win32
		{EE47764E-A202-4F85-A767-ABDAB4AFF35F}.Release|ARM64.ActiveCfg = Release|ARM64
		{EE47764E-A202-4F85-A767-ABDAB4AFF35F}.Release|ARM64.Build.0 = Release|ARM64
		{EE47764E-A202-4F85-A767-ABDAB4AFF35F}.Release|ARM64EC.ActiveCfg = Release|ARM64EC
		{EE47764E-A202-4F85-A767-ABDAB4AFF35F}.Release|ARM64EC.Build.0 = Release|ARM64EC
		{EE47764E-A202-4F85-A767-ABDAB4AFF35F}.Release|x64.ActiveCfg = Release|x64
		{EE47764E-A202-4F85-A767-ABDAB4AFF35F}.Release|x64.Build.0 = Release|x64
		{EE47764E-A202-4F85-A767-ABDAB4AFF35F}.Release|x86.ActiveCfg = Release|Win32
		{EE47764E-A202-4F85-A767-ABDAB4AFF35F}.Release|x86.Build.0 = Release|Win32
		{EBFFFB4E-261D-44D3-B89C-957B31A0BF9C}.Debug FB2K|ARM64.ActiveCfg = Debug FB2K|ARM64
		{EBFFFB4E-261D-44D3-B89C-957B31A0BF9C}.Debug FB2K|ARM64.Build.0 = Debug FB2K|ARM64
		{EBFFFB4E-261D-44D3-B89C-957B31A0BF9C}.Debug FB2K|ARM64EC.ActiveCfg = Debug FB2K|ARM64EC
		{EBFFFB4E-261D-44D3-B89C-957B31A0BF9C}.Debug FB2K|ARM64EC.Build.0 = Debug FB2K|ARM64EC
		{EBFFFB4E-261D-44D3-B89C-957B31A0BF9C}.Debug FB2K|x64.ActiveCfg = Debug FB2K|x64
		{EBFFFB4E-261D-44D3-B89C-957B31A0BF9C}.Debug FB2K|x64.Build.0 = Debug FB2K|x64
		{EBFFFB4E-261D-44D3-B89C-957B31A0BF9C}.Debug FB2K|x86.ActiveCfg = Debug FB2K|Win32
		{EBFFFB4E-261D-44D3-B89C-957B31A0BF9C}.Debug FB2K|x86.Build.0 = Debug FB2K|Win32
		{EBFFFB4E-261D-44D3-B89C-957B31A0BF9C}.Debug|ARM64.ActiveCfg = Debug|ARM64
		{EBFFFB4E-261D-44D3-B89C-957B31A0BF9C}.Debug|ARM64.Build.0 = Debug|ARM64
		{EBFFFB4E-261D-44D3-B89C-957B31A0BF9C}.Debug|ARM64EC.ActiveCfg = Debug|ARM64EC
		{EBFFFB4E-261D-44D3-B89C-957B31A0BF9C}.Debug|ARM64EC.Build.0 = Debug|ARM64EC
		{EBFFFB4E-261D-44D3-B89C-957B31A0BF9C}.Debug|x64.ActiveCfg = Debug|x64
		{EBFFFB4E-261D-44D3-B89C-957B31A0BF9C}.Debug|x64.Build.0 = Debug|x64
		{EBFFFB4E-261D-44D3-B89C-957B31A0BF9C}.Debug|x86.ActiveCfg = Debug|Win32
		{EBFFFB4E-261D-44D3-B89C-957B31A0BF9C}.Debug|x86.Build.0 = Debug|Win32
		{EBFFFB4E-261D-44D3-B89C-957B31A0BF9C}.Release FB2K|ARM64.ActiveCfg = Release FB2K|ARM64
		{EBFFFB4E-261D-44D3-B89C-957B31A0BF9C}.Release FB2K|ARM64.Build.0 = Release FB2K|ARM64
		{EBFFFB4E-261D-44D3-B89C-957B31A0BF9C}.Release FB2K|ARM64EC.ActiveCfg = Release FB2K|ARM64EC
		{EBFFFB4E-261D-44D3-B89C-957B31A0BF9C}.Release FB2K|ARM64EC.Build.0 = Release FB2K|ARM64EC
		{EBFFFB4E-261D-44D3-B89C-957B31A0BF9C}.Release FB2K|x64.ActiveCfg = Release FB2K|x64
		{EBFFFB4E-261D-44D3-B89C-957B31A0BF9C}.Release FB2K|x64.Build.0 = Release FB2K|x64
		{EBFFFB4E-261D-44D3-B89C-957B31A0BF9C}.Release FB2K|x86.ActiveCfg = Release FB2K|Win32
		{EBFFFB4E-261D-44D3-B89C-957B31A0BF9C}.Release FB2K|x86.Build.0 = Release FB2K|Win32
		{EBFFFB4E-261D-44D3-B89C-957B31A0BF9C}.Release x86|ARM64.ActiveCfg = Release FB2K|ARM64
		{EBFFFB4E-261D-44D3-B89C-957B31A0BF9C}.Release x86|ARM64.Build.0 = Release FB2K|ARM64
		{EBFFFB4E-261D-44D3-B89C-957B31A0BF9C}.Release x86|ARM64EC.ActiveCfg = Release FB2K|ARM64EC
		{EBFFFB4E-261D-44D3-B89C-957B31A0BF9C}.Release x86|ARM64EC.Build.0 = Release FB2K|ARM64EC
		{EBFFFB4E-261D-44D3-B89C-957B31A0BF9C}.Release x86|x64.ActiveCfg = Release FB2K|x64
		{EBFFFB4E-261D-44D3-B89C-957B31A0BF9C}.Release x86|x64.Build.0 = Release FB2K|x64
		{EBFFFB4E-261D-44D3-B89C-957B31A0BF9C}.Release x86|x86.ActiveCfg = Release FB2K|Win32
		{EBFFFB4E-261D-44D3-B89C-957B31A0BF9C}.Release x86|x86.Build.0 = Release FB2K|Win32
		{EBFFFB4E-261D-44D3-B89C-957B31A0BF9C}.Release|ARM64.ActiveCfg = Release|ARM64
		{EBFFFB4E-261D-44D3-B89C-957B31A0BF9C}.Release|ARM64.Build.0 = Release|ARM64
		{EBFFFB4E-261D-44D3-B89C-957B31A0BF9C}.Release|ARM64EC.ActiveCfg = Release|ARM64EC
		{EBFFFB4E-261D-44D3-B89C-957B31A0BF9C}.Release|ARM64EC.Build.0 = Release|ARM64EC
		{EBFFFB4E-261D-44D3-B89C-957B31A0BF9C}.Release|x64.ActiveCfg = Release|x64
		{EBFFFB4E-261D-44D3-B89C-957B31A0BF9C}.Release|x64.Build.0 = Release|x64
		{EBFFFB4E-261D-44D3-B89C-957B31A0BF9C}.Release|x86.ActiveCfg = Release|Win32
		{EBFFFB4E-261D-44D3-B89C-957B31A0BF9C}.Release|x86.Build.0 = Release|Win32
		{69719831-D965-4AED-91C1-70C4FF01945D}.Debug FB2K|ARM64.ActiveCfg = Debug|Win32
		{69719831-D965-4AED-91C1-70C4FF01945D}.Debug FB2K|ARM64.Build.0 = Debug|Win32
		{69719831-D965-4AED-91C1-70C4FF01945D}.Debug FB2K|ARM64EC.ActiveCfg = Debug|Win32
		{69719831-D965-4AED-91C1-70C4FF01945D}.Debug FB2K|ARM64EC.Build.0 = Debug|Win32
		{69719831-D965-4AED-91C1-70C4FF01945D}.Debug FB2K|x64.ActiveCfg = Debug|Win32
		{69719831-D965-4AED-91C1-70C4FF01945D}.Debug FB2K|x64.Build.0 = Debug|Win32
		{69719831-D965-4AED-91C1-70C4FF01945D}.Debug FB2K|x86.ActiveCfg = Debug|Win32
		{69719831-D965-4AED-91C1-70C4FF01945D}.Debug FB2K|x86.Build.0 = Debug|Win32
		{69719831-D965-4AED-91C1-70C4FF01945D}.Debug|ARM64.ActiveCfg = Debug|Win32
		{69719831-D965-4AED-91C1-70C4FF01945D}.Debug|ARM64.Build.0 = Debug|Win32
		{69719831-D965-4AED-91C1-70C4FF01945D}.Debug|ARM64EC.ActiveCfg = Debug|Win32
		{69719831-D965-4AED-91C1-70C4FF01945D}.Debug|ARM64EC.Build.0 = Debug|Win32
		{69719831-D965-4AED-91C1-70C4FF01945D}.Debug|x64.ActiveCfg = Debug|x64
		{69719831-D965-4AED-91C1-70C4FF01945D}.Debug|x64.Build.0 = Debug|x64
		{69719831-D965-4AED-91C1-70C4FF01945D}.Debug|x86.ActiveCfg = Debug|Win32
		{69719831-D965-4AED-91C1-70C4FF01945D}.Debug|x86.Build.0 = Debug|Win32
		{69719831-D965-4AED-91C1-70C4FF01945D}.Release FB2K|ARM64.ActiveCfg = Release|Win32
		{69719831-D965-4AED-91C1-70C4FF01945D}.Release FB2K|ARM64.Build.0 = Release|Win32
		{69719831-D965-4AED-91C1-70C4FF01945D}.Release FB2K|ARM64EC.ActiveCfg = Release|Win32
		{69719831-D965-4AED-91C1-70C4FF01945D}.Release FB2K|ARM64EC.Build.0 = Release|Win32
		{69719831-D965-4AED-91C1-70C4FF01945D}.Release FB2K|x64.ActiveCfg = Release|Win32
		{69719831-D965-4AED-91C1-70C4FF01945D}.Release FB2K|x64.Build.0 = Release|Win32
		{69719831-D965-4AED-91C1-70C4FF01945D}.Release FB2K|x86.ActiveCfg = Release|Win32
		{69719831-D965-4AED-91C1-70C4FF01945D}.Release FB2K|x86.Build.0 = Release|Win32
		{69719831-D965-4AED-91C1-70C4FF01945D}.Release x86|ARM64.ActiveCfg = Release|Win32
		{69719831-D965-4AED-91C1-70C4FF01945D}.Release x86|ARM64.Build.0 = Release|Win32
		{69719831-D965-4AED-91C1-70C4FF01945D}.Release x86|ARM64EC.ActiveCfg = Release|Win32
		{69719831-D965-4AED-91C1-70C4FF01945D}.Release x86|ARM64EC.Build.0 = Release|Win32
		{69719831-D965-4AED-91C1-70C4FF01945D}.Release x86|x64.ActiveCfg = Release|Win32
		{69719831-D965-4AED-91C1-70C4FF01945D}.Release x86|x64.Build.0 = Release|Win32
		{69719831-D965-4AED-91C1-70C4FF01945D}.Release x86|x86.ActiveCfg = Release|Win32
		{69719831-D965-4AED-91C1-70C4FF01945D}.Release x86|x86.Build.0 = Release|Win32
		{69719831-D965-4AED-91C1-70C4FF01945D}.Release|ARM64.ActiveCfg = Release|Win32
		{69719831-D965-4AED-91C1-70C4FF01945D}.Release|ARM64.Build.0 = Release|Win32
		{69719831-D965-4AED-91C1-70C4FF01945D}.Release|ARM64EC.ActiveCfg = Release|Win32
		{69719831-D965-4AED-91C1-70C4FF01945D}.Release|ARM64EC.Build.0 = Release|Win32
		{69719831-D965-4AED-91C1-70C4FF01945D}.Release|x64.ActiveCfg = Release|x64
		{69719831-D965-4AED-91C1-70C4FF01945D}.Release|x64.Build.0 = Release|x64
		{69719831-D965-4AED-91C1-70C4FF01945D}.Release|x86.ActiveCfg = Release|Win32
		{69719831-D965-4AED-91C1-70C4FF01945D}.Release|x86.Build.0 = Release|Win32
		{4573E081-973B-47F0-A67D-551761BA1678}.Debug FB2K|ARM64.ActiveCfg = Debug|Win32
		{4573E081-973B-47F0-A67D-551761BA1678}.Debug FB2K|ARM64.Build.0 = Debug|Win32
		{4573E081-973B-47F0-A67D-551761BA1678}.Debug FB2K|ARM64EC.ActiveCfg = Debug|Win32
		{4573E081-973B-47F0-A67D-551761BA1678}.Debug FB2K|ARM64EC.Build.0 = Debug|Win32
		{4573E081-973B-47F0-A67D-551761BA1678}.Debug FB2K|x64.ActiveCfg = Debug|Win32
		{4573E081-973B-47F0-A67D-551761BA1678}.Debug FB2K|x64.Build.0 = Debug|Win32
		{4573E081-973B-47F0-A67D-551761BA1678}.Debug FB2K|x86.ActiveCfg = Debug|Win32
		{4573E081-973B-47F0-A67D-551761BA1678}.Debug FB2K|x86.Build.0 = Debug|Win32
		{4573E081-973B-47F0-A67D-551761BA1678}.Debug|ARM64.ActiveCfg = Debug|Win32
		{4573E081-973B-47F0-A67D-551761BA1678}.Debug|ARM64.Build.0 = Debug|Win32
		{4573E081-973B-47F0-A67D-551761BA1678}.Debug|ARM64EC.ActiveCfg = Debug|Win32
		{4573E081-973B-47F0-A67D-551761BA1678}.Debug|ARM64EC.Build.0 = Debug|Win32
		{4573E081-973B-47F0-A67D-551761BA1678}.Debug|x64.ActiveCfg = Debug|x64
		{4573E081-973B-47F0-A67D-551761BA1678}.Debug|x64.Build.0 = Debug|x64
		{4573E081-973B-47F0-A67D-551761BA1678}.Debug|x86.ActiveCfg = Debug|Win32
		{4573E081-973B-47F0-A67D-551761BA1678}.Debug|x86.Build.0 = Debug|Win32
		{4573E081-973B-47F0-A67D-551761BA1678}.Release FB2K|ARM64.ActiveCfg = Release|Win32
		{4573E081-973B-47F0-A67D-551761BA1678}.Release FB2K|ARM64.Build.0 = Release|Win32
		{4573E081-973B-47F0-A67D-551761BA1678}.Release FB2K|ARM64EC.ActiveCfg = Release|Win32
		{4573E081-973B-47F0-A67D-551761BA1678}.Release FB2K|ARM64EC.Build.0 = Release|Win32
		{4573E081-973B-47F0-A67D-551761BA1678}.Release FB2K|x64.ActiveCfg = Release|Win32
		{4573E081-973B-47F0-A67D-551761BA1678}.Release FB2K|x64.Build.0 = Release|Win32
		{4573E081-973B-47F0-A67D-551761BA1678}.Release FB2K|x86.ActiveCfg = Release|Win32
		{4573E081-973B-47F0-A67D-551761BA1678}.Release FB2K|x86.Build.0 = Release|Win32
		{4573E081-973B-47F0-A67D-551761BA1678}.Release x86|ARM64.ActiveCfg = Release|Win32
		{4573E081-973B-47F0-A67D-551761BA1678}.Release x86|ARM64.Build.0 = Release|Win32
		{4573E081-973B-47F0-A67D-551761BA1678}.Release x86|ARM64EC.ActiveCfg = Release|Win32
		{4573E081-973B-47F0-A67D-551761BA1678}.Release x86|ARM64EC.Build.0 = Release|Win32
		{4573E081-973B-47F0-A67D-551761BA1678}.Release x86|x64.ActiveCfg = Release|Win32
		{4573E081-973B-47F0-A67D-551761BA1678}.Release x86|x64.Build.0 = Release|Win32
		{4573E081-973B-47F0-A67D-551761BA1678}.Release x86|x86.ActiveCfg = Release|Win32
		{4573E081-973B-47F0-A67D-551761BA1678}.Release x86|x86.Build.0 = Release|Win32
		{4573E081-973B-47F0-A67D-551761BA1678}.Release|ARM64.ActiveCfg = Release|Win32
		{4573E081-973B-47F0-A67D-551761BA1678}.Release|ARM64.Build.0 = Release|Win32
		{4573E081-973B-47F0-A67D-551761BA1678}.Release|ARM64EC.ActiveCfg = Release|Win32
		{4573E081-973B-47F0-A67D-551761BA1678}.Release|ARM64EC.Build.0 = Release|Win32
		{4573E081-973B-47F0-A67D-551761BA1678}.Release|x64.ActiveCfg = Release|x64
		{4573E081-973B-47F0-A67D-551761BA1678}.Release|x64.Build.0 = Release|x64
		{4573E081-973B-47F0-A67D-551761BA1678}.Release|x86.ActiveCfg = Release|Win32
		{4573E081-973B-47F0-A67D-551761BA1678}.Release|x86.Build.0 = Release|Win32
		{F6039EEC-6F65-493B-B007-512550690F03}.Debug FB2K|ARM64.ActiveCfg = Debug|x64
		{F6039EEC-6F65-493B-B007-512550690F03}.Debug FB2K|ARM64.Build.0 = Debug|x64
		{F6039EEC-6F65-493B-B007-512550690F03}.Debug FB2K|ARM64EC.ActiveCfg = Debug|x64
		{F6039EEC-6F65-493B-B007-512550690F03}.Debug FB2K|ARM64EC.Build.0 = Debug|x64
		{F6039EEC-6F65-493B-B007-512550690F03}.Debug FB2K|x64.ActiveCfg = Debug|x64
		{F6039EEC-6F65-493B-B007-512550690F03}.Debug FB2K|x64.Build.0 = Debug|x64
		{F6039EEC-6F65-493B-B007-512550690F03}.Debug FB2K|x86.ActiveCfg = Debug|Win32
		{F6039EEC-6F65-493B-B007-512550690F03}.Debug FB2K|x86.Build.0 = Debug|Win32
		{F6039EEC-6F65-493B-B007-512550690F03}.Debug|ARM64.ActiveCfg = Debug|x64
		{F6039EEC-6F65-493B-B007-512550690F03}.Debug|ARM64.Build.0 = Debug|x64
		{F6039EEC-6F65-493B-B007-512550690F03}.Debug|ARM64EC.ActiveCfg = Debug|x64
		{F6039EEC-6F65-493B-B007-512550690F03}.Debug|ARM64EC.Build.0 = Debug|x64
		{F6039EEC-6F65-493B-B007-512550690F03}.Debug|x64.ActiveCfg = Debug|x64
		{F6039EEC-6F65-493B-B007-512550690F03}.Debug|x64.Build.0 = Debug|x64
		{F6039EEC-6F65-493B-B007-512550690F03}.Debug|x86.ActiveCfg = Debug|Win32
		{F6039EEC-6F65-493B-B007-512550690F03}.Debug|x86.Build.0 = Debug|Win32
		{F6039EEC-6F65-493B-B007-512550690F03}.Release FB2K|ARM64.ActiveCfg = Release|x64
		{F6039EEC-6F65-493B-B007-512550690F03}.Release FB2K|ARM64.Build.0 = Release|x64
		{F6039EEC-6F65-493B-B007-512550690F03}.Release FB2K|ARM64EC.ActiveCfg = Release|x64
		{F6039EEC-6F65-493B-B007-512550690F03}.Release FB2K|ARM64EC.Build.0 = Release|x64
		{F6039EEC-6F65-493B-B007-512550690F03}.Release FB2K|x64.ActiveCfg = Release|x64
		{F6039EEC-6F65-493B-B007-512550690F03}.Release FB2K|x64.Build.0 = Release|x64
		{F6039EEC-6F65-493B-B007-512550690F03}.Release FB2K|x86.ActiveCfg = Release|Win32
		{F6039EEC-6F65-493B-B007-512550690F03}.Release FB2K|x86.Build.0 = Release|Win32
		{F6039EEC-6F65-493B-B007-512550690F03}.Release x86|ARM64.ActiveCfg = Release|x64
		{F6039EEC-6F65-493B-B007-512550690F03}.Release x86|ARM64.Build.0 = Release|x64
		{F6039EEC-6F65-493B-B007-512550690F03}.Release x86|ARM64EC.ActiveCfg = Release|x64
		{F6039EEC-6F65-493B-B007-512550690F03}.Release x86|ARM64EC.Build.0 = Release|x64
		{F6039EEC-6F65-493B-B007-512550690F03}.Release x86|x64.ActiveCfg = Release|x64
		{F6039EEC-6F65-493B-B007-512550690F03}.Release x86|x64.Build.0 = Release|x64
		{F6039EEC-6F65-493B-B007-512550690F03}.Release x86|x86.ActiveCfg = Release|Win32
		{F6039EEC-6F65-493B-B007-512550690F03}.Release x86|x86.Build.0 = Release|Win32
		{F6039EEC-6F65-493B-B007-512550690F03}.Release|ARM64.ActiveCfg = Release|x64
		{F6039EEC-6F65-493B-B007-512550690F03}.Release|ARM64.Build.0 = Release|x64
		{F6039EEC-6F65-493B-B007-512550690F03}.Release|ARM64EC.ActiveCfg = Release|x64
		{F6039EEC-6F65-493B-B007-512550690F03}.Release|ARM64EC.Build.0 = Release|x64
		{F6039EEC-6F65-493B-B007-512550690F03}.Release|x64.ActiveCfg = Release|x64
		{F6039EEC-6F65-493B-B007-512550690F03}.Release|x64.Build.0 = Release|x64
		{F6039EEC-6F65-493B-B007-512550690F03}.Release|x86.ActiveCfg = Release|Win32
		{F6039EEC-6F65-493B-B007-512550690F03}.Release|x86.Build.0 = Release|Win32
		{7F212E63-0B40-4FFE-8CD5-19A1A397B5E5}.Debug FB2K|ARM64.ActiveCfg = Debug|x64
		{7F212E63-0B40-4FFE-8CD5-19A1A397B5E5}.Debug FB2K|ARM64.Build.0 = Debug|x64
		{7F212E63-0B40-4FFE-8CD5-19A1A397B5E5}.Debug FB2K|ARM64EC.ActiveCfg = Debug|x64
		{7F212E63-0B40-4FFE-8CD5-19A1A397B5E5}.Debug FB2K|ARM64EC.Build.0 = Debug|x64
		{7F212E63-0B40-4FFE-8CD5-19A1A397B5E5}.Debug FB2K|x64.ActiveCfg = Debug|x64
		{7F212E63-0B40-4FFE-8CD5-19A1A397B5E5}.Debug FB2K|x64.Build.0 = Debug|x64
		{7F212E63-0B40-4FFE-8CD5-19A1A397B5E5}.Debug FB2K|x86.ActiveCfg = Debug|Win32
		{7F212E63-0B40-4FFE-8CD5-19A1A397B5E5}.Debug FB2K|x86.Build.0 = Debug|Win32
		{7F212E63-0B40-4FFE-8CD5-19A1A397B5E5}.Debug|ARM64.ActiveCfg = Debug|x64
		{7F212E63-0B40-4FFE-8CD5-19A1A397B5E5}.Debug|ARM64.Build.0 = Debug|x64
		{7F212E63-0B40-4FFE-8CD5-19A1A397B5E5}.Debug|ARM64EC.ActiveCfg = Debug|x64
		{7F212E63-0B40-4FFE-8CD5-19A1A397B5E5}.Debug|ARM64EC.Build.0 = Debug|x64
		{7F212E63-0B40-4FFE-8CD5-19A1A397B5E5}.Debug|x64.ActiveCfg = Debug|x64
		{7F212E63-0B40-4FFE-8CD5-19A1A397B5E5}.Debug|x64.Build.0 = Debug|x64
		{7F212E63-0B40-4FFE-8CD5-19A1A397B5E5}.Debug|x86.ActiveCfg = Debug|Win32
		{7F212E63-0B40-4FFE-8CD5-19A1A397B5E5}.Debug|x86.Build.0 = Debug|Win32
		{7F212E63-0B40-4FFE-8CD5-19A1A397B5E5}.Release FB2K|ARM64.ActiveCfg = Release|x64
		{7F212E63-0B40-4FFE-8CD5-19A1A397B5E5}.Release FB2K|ARM64.Build.0 = Release|x64
		{7F212E63-0B40-4FFE-8CD5-19A1A397B5E5}.Release FB2K|ARM64EC.ActiveCfg = Release|x64
		{7F212E63-0B40-4FFE-8CD5-19A1A397B5E5}.Release FB2K|ARM64EC.Build.0 = Release|x64
		{7F212E63-0B40-4FFE-8CD5-19A1A397B5E5}.Release FB2K|x64.ActiveCfg = Release|x64
		{7F212E63-0B40-4FFE-8CD5-19A1A397B5E5}.Release FB2K|x64.Build.0 = Release|x64
		{7F212E63-0B40-4FFE-8CD5-19A1A397B5E5}.Release FB2K|x86.ActiveCfg = Release|Win32
		{7F212E63-0B40-4FFE-8CD5-19A1A397B5E5}.Release FB2K|x86.Build.0 = Release|Win32
		{7F212E63-0B40-4FFE-8CD5-19A1A397B5E5}.Release x86|ARM64.ActiveCfg = Release|x64
		{7F212E63-0B40-4FFE-8CD5-19A1A397B5E5}.Release x86|ARM64.Build.0 = Release|x64
		{7F212E63-0B40-4FFE-8CD5-19A1A397B5E5}.Release x86|ARM64EC.ActiveCfg = Release|x64
		{7F212E63-0B40-4FFE-8CD5-19A1A397B5E5}.Release x86|ARM64EC.Build.0 = Release|x64
		{7F212E63-0B40-4FFE-8CD5-19A1A397B5E5}.Release x86|x64.ActiveCfg = Release|x64
		{7F212E63-0B40-4FFE-8CD5-19A1A397B5E5}.Release x86|x64.Build.0 = Release|x64
		{7F212E63-0B40-4FFE-8CD5-19A1A397B5E5}.Release x86|x86.ActiveCfg = Release|Win32
		{7F212E63-0B40-4FFE-8CD5-19A1A397B5E5}.Release x86|x86.Build.0 = Release|Win32
		{7F212E63-0B40-4FFE-8CD5-19A1A397B5E5}.Release|ARM64.ActiveCfg = Release|x64
		{7F212E63-0B40-4FFE-8CD5-19A1A397B5E5}.Release|ARM64.Build.0 = Release|x64
		{7F212E63-0B40-4FFE-8CD5-19A1A397B5E5}.Release|ARM64EC.ActiveCfg = Release|x64
		{7F212E63-0B40-4FFE-8CD5-19A1A397B5E5}.Release|ARM64EC.Build.0 = Release|x64
		{7F212E63-0B40-4FFE-8CD5-19A1A397B5E5}.Release|x64.ActiveCfg = Release|x64
		{7F212E63-0B40-4FFE-8CD5-19A1A397B5E5}.Release|x64.Build.0 = Release|x64
		{7F212E63-0B40-4FFE-8CD5-19A1A397B5E5}.Release|x86.ActiveCfg = Release|Win32
		{7F212E63-0B40-4FFE-8CD5-19A1A397B5E5}.Release|x86.Build.0 = Release|Win32
		{7729EB82-4069-4414-964B-AD399091A03F}.Debug FB2K|ARM64.ActiveCfg = Debug|ARM64
		{7729EB82-4069-4414-964B-AD399091A03F}.Debug FB2K|ARM64.Build.0 = Debug|ARM64
		{7729EB82-4069-4414-964B-AD399091A03F}.Debug FB2K|ARM64EC.ActiveCfg = Debug|ARM64EC
		{7729EB82-4069-4414-964B-AD399091A03F}.Debug FB2K|ARM64EC.Build.0 = Debug|ARM64EC
		{7729EB82-4069-4414-964B-AD399091A03F}.Debug FB2K|x64.ActiveCfg = Debug|x64
		{7729EB82-4069-4414-964B-AD399091A03F}.Debug FB2K|x64.Build.0 = Debug|x64
		{7729EB82-4069-4414-964B-AD399091A03F}.Debug FB2K|x86.ActiveCfg = Debug|Win32
		{7729EB82-4069-4414-964B-AD399091A03F}.Debug FB2K|x86.Build.0 = Debug|Win32
		{7729EB82-4069-4414-964B-AD399091A03F}.Debug|ARM64.ActiveCfg = Debug|ARM64
		{7729EB82-4069-4414-964B-AD399091A03F}.Debug|ARM64.Build.0 = Debug|ARM64
		{7729EB82-4069-4414-964B-AD399091A03F}.Debug|ARM64EC.ActiveCfg = Debug|ARM64EC
		{7729EB82-4069-4414-964B-AD399091A03F}.Debug|ARM64EC.Build.0 = Debug|ARM64EC
		{7729EB82-4069-4414-964B-AD399091A03F}.Debug|x64.ActiveCfg = Debug|x64
		{7729EB82-4069-4414-964B-AD399091A03F}.Debug|x64.Build.0 = Debug|x64
		{7729EB82-4069-4414-964B-AD399091A03F}.Debug|x86.ActiveCfg = Debug|Win32
		{7729EB82-4069-4414-964B-AD399091A03F}.Debug|x86.Build.0 = Debug|Win32
		{7729EB82-4069-4414-964B-AD399091A03F}.Release FB2K|ARM64.ActiveCfg = Release|ARM64
		{7729EB82-4069-4414-964B-AD399091A03F}.Release FB2K|ARM64.Build.0 = Release|ARM64
		{7729EB82-4069-4414-964B-AD399091A03F}.Release FB2K|ARM64EC.ActiveCfg = Release|ARM64EC
		{7729EB82-4069-4414-964B-AD399091A03F}.Release FB2K|ARM64EC.Build.0 = Release|ARM64EC
		{7729EB82-4069-4414-964B-AD399091A03F}.Release FB2K|x64.ActiveCfg = Release|x64
		{7729EB82-4069-4414-964B-AD399091A03F}.Release FB2K|x64.Build.0 = Release|x64
		{7729EB82-4069-4414-964B-AD399091A03F}.Release FB2K|x86.ActiveCfg = Release|Win32
		{7729EB82-4069-4414-964B-AD399091A03F}.Release FB2K|x86.Build.0 = Release|Win32
		{7729EB82-4069-4414-964B-AD399091A03F}.Release x86|ARM64.ActiveCfg = Release|ARM64
		{7729EB82-4069-4414-964B-AD399091A03F}.Release x86|ARM64.Build.0 = Release|ARM64
		{7729EB82-4069-4414-964B-AD399091A03F}.Release x86|ARM64EC.ActiveCfg = Release|ARM64EC
		{7729EB82-4069-4414-964B-AD399091A03F}.Release x86|ARM64EC.Build.0 = Release|ARM64EC
		{7729EB82-4069-4414-964B-AD399091A03F}.Release x86|x64.ActiveCfg = Release|x64
		{7729EB82-4069-4414-964B-AD399091A03F}.Release x86|x64.Build.0 = Release|x64
		{7729EB82-4069-4414-964B-AD399091A03F}.Release x86|x86.ActiveCfg = Release|Win32
		{7729EB82-4069-4414-964B-AD399091A03F}.Release x86|x86.Build.0 = Release|Win32
		{7729EB82-4069-4414-964B-AD399091A03F}.Release|ARM64.ActiveCfg = Release|ARM64
		{7729EB82-4069-4414-964B-AD399091A03F}.Release|ARM64.Build.0 = Release|ARM64
		{7729EB82-4069-4414-964B-AD399091A03F}.Release|ARM64EC.ActiveCfg = Release|ARM64EC
		{7729EB82-4069-4414-964B-AD399091A03F}.Release|ARM64EC.Build.0 = Release|ARM64EC
		{7729EB82-4069-4414-964B-AD399091A03F}.Release|x64.ActiveCfg = Release|x64
		{7729EB82-4069-4414-964B-AD399091A03F}.Release|x64.Build.0 = Release|x64
		{7729EB82-4069-4414-964B-AD399091A03F}.Release|x86.ActiveCfg = Release|Win32
		{7729EB82-4069-4414-964B-AD399091A03F}.Release|x86.Build.0 = Release|Win32
		{063A149D-E48C-499B-B13F-7A70C140A662}.Debug FB2K|ARM64.ActiveCfg = Debug|x64
		{063A149D-E48C-499B-B13F-7A70C140A662}.Debug FB2K|ARM64.Build.0 = Debug|x64
		{063A149D-E48C-499B-B13F-7A70C140A662}.Debug FB2K|ARM64EC.ActiveCfg = Debug|x64
		{063A149D-E48C-499B-B13F-7A70C140A662}.Debug FB2K|ARM64EC.Build.0 = Debug|x64
		{063A149D-E48C-499B-B13F-7A70C140A662}.Debug FB2K|x64.ActiveCfg = Debug|x64
		{063A149D-E48C-499B-B13F-7A70C140A662}.Debug FB2K|x64.Build.0 = Debug|x64
		{063A149D-E48C-499B-B13F-7A70C140A662}.Debug FB2K|x86.ActiveCfg = Debug|Win32
		{063A149D-E48C-499B-B13F-7A70C140A662}.Debug FB2K|x86.Build.0 = Debug|Win32
		{063A149D-E48C-499B-B13F-7A70C140A662}.Debug|ARM64.ActiveCfg = Debug|x64
		{063A149D-E48C-499B-B13F-7A70C140A662}.Debug|ARM64.Build.0 = Debug|x64
		{063A149D-E48C-499B-B13F-7A70C140A662}.Debug|ARM64EC.ActiveCfg = Debug|x64
		{063A149D-E48C-499B-B13F-7A70C140A662}.Debug|ARM64EC.Build.0 = Debug|x64
		{063A149D-E48C-499B-B13F-7A70C140A662}.Debug|x64.ActiveCfg = Debug|x64
		{063A149D-E48C-499B-B13F-7A70C140A662}.Debug|x64.Build.0 = Debug|x64
		{063A149D-E48C-499B-B13F-7A70C140A662}.Debug|x86.ActiveCfg = Debug|Win32
		{063A149D-E48C-499B-B13F-7A70C140A662}.Debug|x86.Build.0 = Debug|Win32
		{063A149D-E48C-499B-B13F-7A70C140A662}.Release FB2K|ARM64.ActiveCfg = Release|x64
		{063A149D-E48C-499B-B13F-7A70C140A662}.Release FB2K|ARM64.Build.0 = Release|x64
		{063A149D-E48C-499B-B13F-7A70C140A662}.Release FB2K|ARM64EC.ActiveCfg = Release|x64
		{063A149D-E48C-499B-B13F-7A70C140A662}.Release FB2K|ARM64EC.Build.0 = Release|x64
		{063A149D-E48C-499B-B13F-7A70C140A662}.Release FB2K|x64.ActiveCfg = Release|x64
		{063A149D-E48C-499B-B13F-7A70C140A662}.Release FB2K|x64.Build.0 = Release|x64
		{063A149D-E48C-499B-B13F-7A70C140A662}.Release FB2K|x86.ActiveCfg = Release|Win32
		{063A149D-E48C-499B-B13F-7A70C140A662}.Release FB2K|x86.Build.0 = Release|Win32
		{063A149D-E48C-499B-B13F-7A70C140A662}.Release x86|ARM64.ActiveCfg = Release|x64
		{063A149D-E48C-499B-B13F-7A70C140A662}.Release x86|ARM64.Build.0 = Release|x64
		{063A149D-E48C-499B-B13F-7A70C140A662}.Release x86|ARM64EC.ActiveCfg = Release|x64
		{063A149D-E48C-499B-B13F-7A70C140A662}.Release x86|ARM64EC.Build.0 = Release|x64
		{063A149D-E48C-499B-B13F-7A70C140A662}.Release x86|x64.ActiveCfg = Release|x64
		{063A149D-E48C-499B-B13F-7A70C140A662}.Release x86|x64.Build.0 = Release|x64
		{063A149D-E48C-499B-B13F-7A70C140A662}.Release x86|x86.ActiveCfg = Release|Win32
		{063A149D-E48C-499B-B13F-7A70C140A662}.Release x86|x86.Build.0 = Release|Win32
		{063A149D-E48C-499B-B13F-7A70C140A662}.Release|ARM64.ActiveCfg = Release|x64
		{063A149D-E48C-499B-B13F-7A70C140A662}.Release|ARM64.Build.0 = Release|x64
		{063A149D-E48C-499B-B13F-7A70C140A662}.Release|ARM64EC.ActiveCfg = Release|x64
		{063A149D-E48C-499B-B13F-7A70C140A662}.Release|ARM64EC.Build.0 = Release|x64
		{063A149D-E48C-499B-B13F-7A70C140A662}.Release|x64.ActiveCfg = Release|x64
		{063A149D-E48C-499B-B13F-7A70C140A662}.Release|x64.Build.0 = Release|x64
		{063A149D-E48C-499B-B13F-7A70C140A662}.Release|x86.ActiveCfg = Release|Win32
		{063A149D-E48C-499B-B13F-7A70C140A662}.Release|x86.Build.0 = Release|Win32
	EndGlobalSection
	GlobalSection(SolutionProperties) = preSolution
		HideSolutionNode = FALSE
	EndGlobalSection
	GlobalSection(NestedProjects) = preSolution
		{71AD2674-065B-48F5-B8B0-E1F9D3892081} = {57390DC5-1075-4614-A410-6BA90B54562B}
		{E8091321-D79D-4575-86EF-064EA1A4A20D} = {57390DC5-1075-4614-A410-6BA90B54562B}
		{EE47764E-A202-4F85-A767-ABDAB4AFF35F} = {57390DC5-1075-4614-A410-6BA90B54562B}
		{EBFFFB4E-261D-44D3-B89C-957B31A0BF9C} = {57390DC5-1075-4614-A410-6BA90B54562B}
		{69719831-D965-4AED-91C1-70C4FF01945D} = {934E35B0-D456-431E-A256-373DACFE54D3}
		{4573E081-973B-47F0-A67D-551761BA1678} = {934E35B0-D456-431E-A256-373DACFE54D3}
		{F6039EEC-6F65-493B-B007-512550690F03} = {934E35B0-D456-431E-A256-373DACFE54D3}
		{7F212E63-0B40-4FFE-8CD5-19A1A397B5E5} = {934E35B0-D456-431E-A256-373DACFE54D3}
		{7729EB82-4069-4414-964B-AD399091A03F} = {57390DC5-1075-4614-A410-6BA90B54562B}
		{063A149D-E48C-499B-B13F-7A70C140A662} = {934E35B0-D456-431E-A256-373DACFE54D3}
		{57390DC5-1075-4614-A410-6BA90B54562B} = {934E35B0-D456-431E-A256-373DACFE54D3}
	EndGlobalSection
	GlobalSection(ExtensibilityGlobals) = postSolution
		SolutionGuid = {DA122A7C-58D4-49CA-A469-F9F4B911E102}
	EndGlobalSection
EndGlobal
