<?xml version="1.0" encoding="utf-8"?>
<Project ToolsVersion="4.0" xmlns="http://schemas.microsoft.com/developer/msbuild/2003">
  <ItemGroup>
    <ClCompile Include="Experimental\DXiPlayer.cpp" />
    <ClCompile Include="foo_midi.cpp" />
    <ClCompile Include="Experimental\PlugInInventory.cpp" />
    <ClCompile Include="Experimental\SFPlayer.cpp" />
    <ClCompile Include="3rdParty\Twelve Tone Systems\SMF.cpp" />
    <ClCompile Include="VSTiPlayer.cpp" />
    <ClCompile Include="MT32Player\MT32Player.cpp" />
    <ClCompile Include="BMPlayer.cpp" />
    <ClCompile Include="Experimental\DXiProxy.cpp" />
    <ClCompile Include="EMIDIPlayer.cpp" />
    <ClCompile Include="MIDIPlayer.cpp" />
    <ClCompile Include="3rdParty\json\json.c">
      <Filter>sflist</Filter>
    </ClCompile>
    <ClCompile Include="3rdParty\json\json-builder.c">
      <Filter>sflist</Filter>
    </ClCompile>
    <ClCompile Include="sflist\sflist.c">
      <Filter>sflist</Filter>
    </ClCompile>
    <ClCompile Include="MSPlayer.cpp" />
    <ClCompile Include="3rdParty\synthlib_doom\i_oplmusic.cpp">
      <Filter>synthlib_doom</Filter>
    </ClCompile>
    <ClCompile Include="3rdParty\synthlib_opl3w\opl3midi.cpp">
      <Filter>synthlib_opl3w</Filter>
    </ClCompile>
    <ClCompile Include="Resampler.c" />
    <ClCompile Include="SCPlayer.cpp" />
    <ClCompile Include="3rdParty\synthlib_apogee\al_midi.cpp">
      <Filter>synthlib_apogee</Filter>
    </ClCompile>
    <ClCompile Include="ADLPlayer.cpp" />
    <ClCompile Include="OPNPlayer\OPNPlayer.cpp" />
    <ClCompile Include="3rdParty\fmopl3lib\opl3class.cpp">
      <Filter>fmopl3</Filter>
    </ClCompile>
  </ItemGroup>
  <ItemGroup>
    <ClInclude Include="Experimental\hypersonic2.h" />
    <ClInclude Include="resource.h" />
    <ClInclude Include="Experimental\SFPlayer.h" />
    <ClInclude Include="VSTiPlayer.h" />
    <ClInclude Include="MT32Player\MT32Player.h" />
    <ClInclude Include="MT32Player\mtgm.h" />
    <ClInclude Include="BMPlayer.h" />
    <ClInclude Include="Experimental\DXiProxy.h" />
    <ClInclude Include="EMIDIPlayer.h" />
    <ClInclude Include="MT32Player\kq6mtgm.h" />
    <ClInclude Include="MIDIPlayer.h" />
    <ClInclude Include="3rdParty\json\json.h">
      <Filter>sflist</Filter>
    </ClInclude>
    <ClInclude Include="3rdParty\json\json-builder.h">
      <Filter>sflist</Filter>
    </ClInclude>
    <ClInclude Include="sflist\sflist.h">
      <Filter>sflist</Filter>
    </ClInclude>
    <ClInclude Include="3rdParty\interface.h" />
    <ClInclude Include="MSPlayer.h" />
    <ClInclude Include="3rdParty\synthlib_doom\i_oplmusic.h">
      <Filter>synthlib_doom</Filter>
    </ClInclude>
    <ClInclude Include="3rdParty\synthlib_doom\inst\dmx_dmx.h">
      <Filter>synthlib_doom\inst</Filter>
    </ClInclude>
    <ClInclude Include="3rdParty\synthlib_doom\inst\dmx_doom1.h">
      <Filter>synthlib_doom\inst</Filter>
    </ClInclude>
    <ClInclude Include="3rdParty\synthlib_doom\inst\dmx_doom2.h">
      <Filter>synthlib_doom\inst</Filter>
    </ClInclude>
    <ClInclude Include="3rdParty\synthlib_doom\inst\dmx_raptor.h">
      <Filter>synthlib_doom\inst</Filter>
    </ClInclude>
    <ClInclude Include="3rdParty\synthlib_doom\inst\dmx_strife.h">
      <Filter>synthlib_doom\inst</Filter>
    </ClInclude>
    <ClInclude Include="3rdParty\synthlib_opl3w\gmtimbre.h">
      <Filter>synthlib_opl3w</Filter>
    </ClInclude>
    <ClInclude Include="3rdParty\synthlib_opl3w\opl3midi.h">
      <Filter>synthlib_opl3w</Filter>
    </ClInclude>
    <ClInclude Include="3rdParty\synthlib_opl3w\opl3type.h">
      <Filter>synthlib_opl3w</Filter>
    </ClInclude>
    <ClInclude Include="Resampler.h" />
    <ClInclude Include="SCPlayer.h" />
    <ClInclude Include="3rdParty\synthlib_apogee\_al_midi.h">
      <Filter>synthlib_apogee</Filter>
    </ClInclude>
    <ClInclude Include="3rdParty\synthlib_apogee\al_midi.h">
      <Filter>synthlib_apogee</Filter>
    </ClInclude>
    <ClInclude Include="3rdParty\synthlib_apogee\inst\apogee_blood.h">
      <Filter>synthlib_apogee\inst</Filter>
    </ClInclude>
    <ClInclude Include="3rdParty\synthlib_apogee\inst\apogee_duke3d.h">
      <Filter>synthlib_apogee\inst</Filter>
    </ClInclude>
    <ClInclude Include="3rdParty\synthlib_apogee\inst\apogee_lee.h">
      <Filter>synthlib_apogee\inst</Filter>
    </ClInclude>
    <ClInclude Include="3rdParty\synthlib_apogee\inst\apogee_nam.h">
      <Filter>synthlib_apogee\inst</Filter>
    </ClInclude>
    <ClInclude Include="3rdParty\synthlib_apogee\inst\apogee_sw.h">
      <Filter>synthlib_apogee\inst</Filter>
    </ClInclude>
    <ClInclude Include="3rdParty\synthlib_doom\inst\dmxopl.h">
      <Filter>synthlib_doom\inst</Filter>
    </ClInclude>
    <ClInclude Include="ADLPlayer.h" />
    <ClInclude Include="OPNPlayer\OPNPlayer.h" />
    <ClInclude Include="Patrons.h" />
    <ClInclude Include="3rdParty\fmopl3lib\opl3class.h">
      <Filter>fmopl3</Filter>
    </ClInclude>
    <ClInclude Include="OPNPlayer\Tomsoft.wopn.h" />
    <ClInclude Include="OPNPlayer\gems-fmlib-gmize.wopn.h" />
    <ClInclude Include="OPNPlayer\gs-by-papiezak-and-sneakernets.wopn.h" />
    <ClInclude Include="OPNPlayer\xg.wopn.h" />
    <ClInclude Include="3rdParty\DXiClasses\MfxSeq.h" />
    <ClInclude Include="3rdParty\DXiClasses\xRPNContext.h" />
    <ClInclude Include="OPNPlayer\fmmidi.wopn.h" />
  </ItemGroup>
  <ItemGroup>
    <CustomBuild Include="Experimental\DXiPlayer.h" />
    <CustomBuild Include="Experimental\PlugInInventory.h" />
    <CustomBuild Include="stdafx.h" />
  </ItemGroup>
  <ItemGroup>
    <Filter Include="sflist">
      <UniqueIdentifier>{3611c29b-e316-401c-9c25-306cf31dffb4}</UniqueIdentifier>
    </Filter>
    <Filter Include="synthlib_doom">
      <UniqueIdentifier>{18c2fd9d-a8d5-4667-98fc-3f125312083a}</UniqueIdentifier>
    </Filter>
    <Filter Include="synthlib_doom\inst">
      <UniqueIdentifier>{c29e919f-26f8-4b8b-8248-20d64a7bfc42}</UniqueIdentifier>
    </Filter>
    <Filter Include="synthlib_opl3w">
      <UniqueIdentifier>{ce267110-84ca-4373-87f8-a4c1f2f16a49}</UniqueIdentifier>
    </Filter>
    <Filter Include="synthlib_apogee">
      <UniqueIdentifier>{2dee18c8-401c-461b-95dd-6f2b6bc2a984}</UniqueIdentifier>
    </Filter>
    <Filter Include="synthlib_apogee\inst">
      <UniqueIdentifier>{1846ef8c-56c6-47b6-827d-213edf2f5262}</UniqueIdentifier>
    </Filter>
    <Filter Include="fmopl3">
      <UniqueIdentifier>{6c7c9704-78c6-4575-9731-efa7ee251557}</UniqueIdentifier>
    </Filter>
  </ItemGroup>
  <ItemGroup>
    <ResourceCompile Include="foo_midi.rc" />
  </ItemGroup>
  <ItemGroup>
    <None Include="README.md" />
    <None Include=".gitignore" />
    <None Include="Build-FB2KComponent.ps1" />
  </ItemGroup>
</Project>