
Microsoft Visual Studio Solution File, Format Version 12.00
# Visual Studio Version 17
VisualStudioVersion = 17.3.32929.385
MinimumVisualStudioVersion = 10.0.40219.1
Project("{8BC9CEB8-8B4A-11D0-8D11-00A0C91BC942}") = "foo_midi", "foo_midi.vcxproj", "{4588FF4C-92BF-4EA0-9FD4-6AAEE89D4843}"
	ProjectSection(ProjectDependencies) = postProject
		{4573E081-973B-47F0-A67D-551761BA1678} = {4573E081-973B-47F0-A67D-551761BA1678}
		{5D666F11-5E76-4653-8B5B-32988E4907A0} = {5D666F11-5E76-4653-8B5B-32988E4907A0}
		{6E35BB35-ACBA-40EB-8F63-BD153046677C} = {6E35BB35-ACBA-40EB-8F63-BD153046677C}
		{785D22DA-58D2-4545-87C7-8F49EE31CDA4} = {785D22DA-58D2-4545-87C7-8F49EE31CDA4}
		{BCEE3FD2-9A64-4740-8C69-19575BF6FBB0} = {BCEE3FD2-9A64-4740-8C69-19575BF6FBB0}
		{E1FCB978-5AC5-4E16-9573-DFB55D44ACC2} = {E1FCB978-5AC5-4E16-9573-DFB55D44ACC2}
		{F228AFA2-BE24-4416-9F4C-5BD927F0AA0F} = {F228AFA2-BE24-4416-9F4C-5BD927F0AA0F}
	EndProjectSection
EndProject
Project("{8BC9CEB8-8B4A-11D0-8D11-00A0C91BC942}") = "foobar2000_component_client", "..\sdk\foobar2000\foobar2000_component_client\foobar2000_component_client.vcxproj", "{71AD2674-065B-48F5-B8B0-E1F9D3892081}"
EndProject
Project("{8BC9CEB8-8B4A-11D0-8D11-00A0C91BC942}") = "foobar2000_SDK", "..\sdk\foobar2000\SDK\foobar2000_SDK.vcxproj", "{E8091321-D79D-4575-86EF-064EA1A4A20D}"
EndProject
Project("{8BC9CEB8-8B4A-11D0-8D11-00A0C91BC942}") = "foobar2000_sdk_helpers", "..\sdk\foobar2000\helpers\foobar2000_sdk_helpers.vcxproj", "{EE47764E-A202-4F85-A767-ABDAB4AFF35F}"
EndProject
Project("{8BC9CEB8-8B4A-11D0-8D11-00A0C91BC942}") = "pfc", "..\sdk\pfc\pfc.vcxproj", "{EBFFFB4E-261D-44D3-B89C-957B31A0BF9C}"
EndProject
Project("{8BC9CEB8-8B4A-11D0-8D11-00A0C91BC942}") = "libPPUI", "..\sdk\libPPUI\libPPUI.vcxproj", "{7729EB82-4069-4414-964B-AD399091A03F}"
EndProject
Project("{2150E333-8FDC-42A3-9474-1A3956D46DE8}") = "SDK", "SDK", "{57390DC5-1075-4614-A410-6BA90B54562B}"
EndProject
Project("{2150E333-8FDC-42A3-9474-1A3956D46DE8}") = "3rdParty", "3rdParty", "{934E35B0-D456-431E-A256-373DACFE54D3}"
EndProject
Project("{8BC9CEB8-8B4A-11D0-8D11-00A0C91BC942}") = "libsflist", "3rdParty\libsflist\libsflist.vcxproj", "{12BCEC19-75DD-49CF-8822-2F290CE7EB36}"
EndProject
Project("{8BC9CEB8-8B4A-11D0-8D11-00A0C91BC942}") = "libjson", "3rdParty\libjson\libjson.vcxproj", "{155CC5FC-96B6-4FFA-BFCE-9DB2FB987E47}"
EndProject
Project("{8BC9CEB8-8B4A-11D0-8D11-00A0C91BC942}") = "fmmidi", "3rdParty\fmmidi\fmmidi.vcxproj", "{A66A32CB-CAA8-47A9-8C99-8D58AE5C8B15}"
EndProject
Project("{8BC9CEB8-8B4A-11D0-8D11-00A0C91BC942}") = "libmidi", "3rdParty\libmidi\libmidi.vcxproj", "{4573E081-973B-47F0-A67D-551761BA1678}"
EndProject
Project("{8BC9CEB8-8B4A-11D0-8D11-00A0C91BC942}") = "zlib", "3rdParty\libmidi\3rdParty\zlib\zlib.vcxproj", "{785D22DA-58D2-4545-87C7-8F49EE31CDA4}"
EndProject
Project("{8BC9CEB8-8B4A-11D0-8D11-00A0C91BC942}") = "vsthost32", "vsthost\vsthost32.vcxproj", "{5D666F11-5E76-4653-8B5B-32988E4907A0}"
EndProject
Project("{8BC9CEB8-8B4A-11D0-8D11-00A0C91BC942}") = "vsthost64", "vsthost\vsthost64.vcxproj", "{BCEE3FD2-9A64-4740-8C69-19575BF6FBB0}"
EndProject
Project("{8BC9CEB8-8B4A-11D0-8D11-00A0C91BC942}") = "scpipe32", "scpipe\scpipe32.vcxproj", "{6E35BB35-ACBA-40EB-8F63-BD153046677C}"
EndProject
Project("{8BC9CEB8-8B4A-11D0-8D11-00A0C91BC942}") = "scpipe64", "scpipe\scpipe64.vcxproj", "{E1FCB978-5AC5-4E16-9573-DFB55D44ACC2}"
EndProject
Project("{8BC9CEB8-8B4A-11D0-8D11-00A0C91BC942}") = "libsf", "3rdParty\libsf\libsf\libsf.vcxproj", "{F228AFA2-BE24-4416-9F4C-5BD927F0AA0F}"
EndProject
Project("{8BC9CEB8-8B4A-11D0-8D11-00A0C91BC942}") = "libriff", "3rdParty\libsf\libriff\libriff.vcxproj", "{A73864F1-7953-47FF-99B6-4AC39892A915}"
EndProject
Project("{8BC9CEB8-8B4A-11D0-8D11-00A0C91BC942}") = "libadlmidi", "3rdParty\libADLMIDI\libadlmidi.vcxproj", "{F6039EEC-6F65-493B-B007-512550690F03}"
EndProject
Project("{8BC9CEB8-8B4A-11D0-8D11-00A0C91BC942}") = "libopnmidi", "3rdParty\libOPNMIDI\libopnmidi.vcxproj", "{7F212E63-0B40-4FFE-8CD5-19A1A397B5E5}"
EndProject
Project("{8BC9CEB8-8B4A-11D0-8D11-00A0C91BC942}") = "libedmidi", "3rdParty\libedmidi\libedmidi.vcxproj", "{69719831-D965-4AED-91C1-70C4FF01945D}"
EndProject
Project("{8BC9CEB8-8B4A-11D0-8D11-00A0C91BC942}") = "libmt32emu", "3rdParty\libmt32emu\libmt32emu.vcxproj", "{2CBB0461-475D-446E-BF3E-C417793C1A29}"
EndProject
Project("{8BC9CEB8-8B4A-11D0-8D11-00A0C91BC942}") = "nuked-opl3", "3rdParty\nuked-opl3\nuked-opl3.vcxproj", "{388EB9A8-764E-4A90-BE37-FB28CAE70D03}"
EndProject
Global
	GlobalSection(SolutionConfigurationPlatforms) = preSolution
		Debug FB2K|x64 = Debug FB2K|x64
		Debug FB2K|x86 = Debug FB2K|x86
		Debug|x64 = Debug|x64
		Debug|x86 = Debug|x86
		Release FB2K|x64 = Release FB2K|x64
		Release FB2K|x86 = Release FB2K|x86
		Release|x64 = Release|x64
		Release|x86 = Release|x86
	EndGlobalSection
	GlobalSection(ProjectConfigurationPlatforms) = postSolution
		{4588FF4C-92BF-4EA0-9FD4-6AAEE89D4843}.Debug FB2K|x64.ActiveCfg = Debug|x64
		{4588FF4C-92BF-4EA0-9FD4-6AAEE89D4843}.Debug FB2K|x64.Build.0 = Debug|x64
		{4588FF4C-92BF-4EA0-9FD4-6AAEE89D4843}.Debug FB2K|x86.ActiveCfg = Debug|Win32
		{4588FF4C-92BF-4EA0-9FD4-6AAEE89D4843}.Debug FB2K|x86.Build.0 = Debug|Win32
		{4588FF4C-92BF-4EA0-9FD4-6AAEE89D4843}.Debug|x64.ActiveCfg = Debug|x64
		{4588FF4C-92BF-4EA0-9FD4-6AAEE89D4843}.Debug|x64.Build.0 = Debug|x64
		{4588FF4C-92BF-4EA0-9FD4-6AAEE89D4843}.Debug|x86.ActiveCfg = Debug|Win32
		{4588FF4C-92BF-4EA0-9FD4-6AAEE89D4843}.Debug|x86.Build.0 = Debug|Win32
		{4588FF4C-92BF-4EA0-9FD4-6AAEE89D4843}.Release FB2K|x64.ActiveCfg = Release|x64
		{4588FF4C-92BF-4EA0-9FD4-6AAEE89D4843}.Release FB2K|x64.Build.0 = Release|x64
		{4588FF4C-92BF-4EA0-9FD4-6AAEE89D4843}.Release FB2K|x86.ActiveCfg = Release|Win32
		{4588FF4C-92BF-4EA0-9FD4-6AAEE89D4843}.Release FB2K|x86.Build.0 = Release|Win32
		{4588FF4C-92BF-4EA0-9FD4-6AAEE89D4843}.Release|x64.ActiveCfg = Release|x64
		{4588FF4C-92BF-4EA0-9FD4-6AAEE89D4843}.Release|x64.Build.0 = Release|x64
		{4588FF4C-92BF-4EA0-9FD4-6AAEE89D4843}.Release|x86.ActiveCfg = Release|Win32
		{4588FF4C-92BF-4EA0-9FD4-6AAEE89D4843}.Release|x86.Build.0 = Release|Win32
		{71AD2674-065B-48F5-B8B0-E1F9D3892081}.Debug FB2K|x64.ActiveCfg = Debug|x64
		{71AD2674-065B-48F5-B8B0-E1F9D3892081}.Debug FB2K|x64.Build.0 = Debug|x64
		{71AD2674-065B-48F5-B8B0-E1F9D3892081}.Debug FB2K|x86.ActiveCfg = Debug|Win32
		{71AD2674-065B-48F5-B8B0-E1F9D3892081}.Debug FB2K|x86.Build.0 = Debug|Win32
		{71AD2674-065B-48F5-B8B0-E1F9D3892081}.Debug|x64.ActiveCfg = Debug|x64
		{71AD2674-065B-48F5-B8B0-E1F9D3892081}.Debug|x64.Build.0 = Debug|x64
		{71AD2674-065B-48F5-B8B0-E1F9D3892081}.Debug|x86.ActiveCfg = Debug|Win32
		{71AD2674-065B-48F5-B8B0-E1F9D3892081}.Debug|x86.Build.0 = Debug|Win32
		{71AD2674-065B-48F5-B8B0-E1F9D3892081}.Release FB2K|x64.ActiveCfg = Release|x64
		{71AD2674-065B-48F5-B8B0-E1F9D3892081}.Release FB2K|x64.Build.0 = Release|x64
		{71AD2674-065B-48F5-B8B0-E1F9D3892081}.Release FB2K|x86.ActiveCfg = Release|Win32
		{71AD2674-065B-48F5-B8B0-E1F9D3892081}.Release FB2K|x86.Build.0 = Release|Win32
		{71AD2674-065B-48F5-B8B0-E1F9D3892081}.Release|x64.ActiveCfg = Release|x64
		{71AD2674-065B-48F5-B8B0-E1F9D3892081}.Release|x64.Build.0 = Release|x64
		{71AD2674-065B-48F5-B8B0-E1F9D3892081}.Release|x86.ActiveCfg = Release|Win32
		{71AD2674-065B-48F5-B8B0-E1F9D3892081}.Release|x86.Build.0 = Release|Win32
		{E8091321-D79D-4575-86EF-064EA1A4A20D}.Debug FB2K|x64.ActiveCfg = Debug|x64
		{E8091321-D79D-4575-86EF-064EA1A4A20D}.Debug FB2K|x64.Build.0 = Debug|x64
		{E8091321-D79D-4575-86EF-064EA1A4A20D}.Debug FB2K|x86.ActiveCfg = Debug|Win32
		{E8091321-D79D-4575-86EF-064EA1A4A20D}.Debug FB2K|x86.Build.0 = Debug|Win32
		{E8091321-D79D-4575-86EF-064EA1A4A20D}.Debug|x64.ActiveCfg = Debug|x64
		{E8091321-D79D-4575-86EF-064EA1A4A20D}.Debug|x64.Build.0 = Debug|x64
		{E8091321-D79D-4575-86EF-064EA1A4A20D}.Debug|x86.ActiveCfg = Debug|Win32
		{E8091321-D79D-4575-86EF-064EA1A4A20D}.Debug|x86.Build.0 = Debug|Win32
		{E8091321-D79D-4575-86EF-064EA1A4A20D}.Release FB2K|x64.ActiveCfg = Release|x64
		{E8091321-D79D-4575-86EF-064EA1A4A20D}.Release FB2K|x64.Build.0 = Release|x64
		{E8091321-D79D-4575-86EF-064EA1A4A20D}.Release FB2K|x86.ActiveCfg = Release|Win32
		{E8091321-D79D-4575-86EF-064EA1A4A20D}.Release FB2K|x86.Build.0 = Release|Win32
		{E8091321-D79D-4575-86EF-064EA1A4A20D}.Release|x64.ActiveCfg = Release|x64
		{E8091321-D79D-4575-86EF-064EA1A4A20D}.Release|x64.Build.0 = Release|x64
		{E8091321-D79D-4575-86EF-064EA1A4A20D}.Release|x86.ActiveCfg = Release|Win32
		{E8091321-D79D-4575-86EF-064EA1A4A20D}.Release|x86.Build.0 = Release|Win32
		{EE47764E-A202-4F85-A767-ABDAB4AFF35F}.Debug FB2K|x64.ActiveCfg = Debug|x64
		{EE47764E-A202-4F85-A767-ABDAB4AFF35F}.Debug FB2K|x64.Build.0 = Debug|x64
		{EE47764E-A202-4F85-A767-ABDAB4AFF35F}.Debug FB2K|x86.ActiveCfg = Debug|Win32
		{EE47764E-A202-4F85-A767-ABDAB4AFF35F}.Debug FB2K|x86.Build.0 = Debug|Win32
		{EE47764E-A202-4F85-A767-ABDAB4AFF35F}.Debug|x64.ActiveCfg = Debug|x64
		{EE47764E-A202-4F85-A767-ABDAB4AFF35F}.Debug|x64.Build.0 = Debug|x64
		{EE47764E-A202-4F85-A767-ABDAB4AFF35F}.Debug|x86.ActiveCfg = Debug|Win32
		{EE47764E-A202-4F85-A767-ABDAB4AFF35F}.Debug|x86.Build.0 = Debug|Win32
		{EE47764E-A202-4F85-A767-ABDAB4AFF35F}.Release FB2K|x64.ActiveCfg = Release|x64
		{EE47764E-A202-4F85-A767-ABDAB4AFF35F}.Release FB2K|x64.Build.0 = Release|x64
		{EE47764E-A202-4F85-A767-ABDAB4AFF35F}.Release FB2K|x86.ActiveCfg = Release|Win32
		{EE47764E-A202-4F85-A767-ABDAB4AFF35F}.Release FB2K|x86.Build.0 = Release|Win32
		{EE47764E-A202-4F85-A767-ABDAB4AFF35F}.Release|x64.ActiveCfg = Release|x64
		{EE47764E-A202-4F85-A767-ABDAB4AFF35F}.Release|x64.Build.0 = Release|x64
		{EE47764E-A202-4F85-A767-ABDAB4AFF35F}.Release|x86.ActiveCfg = Release|Win32
		{EE47764E-A202-4F85-A767-ABDAB4AFF35F}.Release|x86.Build.0 = Release|Win32
		{EBFFFB4E-261D-44D3-B89C-957B31A0BF9C}.Debug FB2K|x64.ActiveCfg = Debug FB2K|x64
		{EBFFFB4E-261D-44D3-B89C-957B31A0BF9C}.Debug FB2K|x64.Build.0 = Debug FB2K|x64
		{EBFFFB4E-261D-44D3-B89C-957B31A0BF9C}.Debug FB2K|x86.ActiveCfg = Debug FB2K|Win32
		{EBFFFB4E-261D-44D3-B89C-957B31A0BF9C}.Debug FB2K|x86.Build.0 = Debug FB2K|Win32
		{EBFFFB4E-261D-44D3-B89C-957B31A0BF9C}.Debug|x64.ActiveCfg = Debug|x64
		{EBFFFB4E-261D-44D3-B89C-957B31A0BF9C}.Debug|x64.Build.0 = Debug|x64
		{EBFFFB4E-261D-44D3-B89C-957B31A0BF9C}.Debug|x86.ActiveCfg = Debug|Win32
		{EBFFFB4E-261D-44D3-B89C-957B31A0BF9C}.Debug|x86.Build.0 = Debug|Win32
		{EBFFFB4E-261D-44D3-B89C-957B31A0BF9C}.Release FB2K|x64.ActiveCfg = Release FB2K|x64
		{EBFFFB4E-261D-44D3-B89C-957B31A0BF9C}.Release FB2K|x64.Build.0 = Release FB2K|x64
		{EBFFFB4E-261D-44D3-B89C-957B31A0BF9C}.Release FB2K|x86.ActiveCfg = Release FB2K|Win32
		{EBFFFB4E-261D-44D3-B89C-957B31A0BF9C}.Release FB2K|x86.Build.0 = Release FB2K|Win32
		{EBFFFB4E-261D-44D3-B89C-957B31A0BF9C}.Release|x64.ActiveCfg = Release|x64
		{EBFFFB4E-261D-44D3-B89C-957B31A0BF9C}.Release|x64.Build.0 = Release|x64
		{EBFFFB4E-261D-44D3-B89C-957B31A0BF9C}.Release|x86.ActiveCfg = Release|Win32
		{EBFFFB4E-261D-44D3-B89C-957B31A0BF9C}.Release|x86.Build.0 = Release|Win32
		{7729EB82-4069-4414-964B-AD399091A03F}.Debug FB2K|x64.ActiveCfg = Debug|x64
		{7729EB82-4069-4414-964B-AD399091A03F}.Debug FB2K|x64.Build.0 = Debug|x64
		{7729EB82-4069-4414-964B-AD399091A03F}.Debug FB2K|x86.ActiveCfg = Debug|Win32
		{7729EB82-4069-4414-964B-AD399091A03F}.Debug FB2K|x86.Build.0 = Debug|Win32
		{7729EB82-4069-4414-964B-AD399091A03F}.Debug|x64.ActiveCfg = Debug|x64
		{7729EB82-4069-4414-964B-AD399091A03F}.Debug|x64.Build.0 = Debug|x64
		{7729EB82-4069-4414-964B-AD399091A03F}.Debug|x86.ActiveCfg = Debug|Win32
		{7729EB82-4069-4414-964B-AD399091A03F}.Debug|x86.Build.0 = Debug|Win32
		{7729EB82-4069-4414-964B-AD399091A03F}.Release FB2K|x64.ActiveCfg = Release|x64
		{7729EB82-4069-4414-964B-AD399091A03F}.Release FB2K|x64.Build.0 = Release|x64
		{7729EB82-4069-4414-964B-AD399091A03F}.Release FB2K|x86.ActiveCfg = Release|Win32
		{7729EB82-4069-4414-964B-AD399091A03F}.Release FB2K|x86.Build.0 = Release|Win32
		{7729EB82-4069-4414-964B-AD399091A03F}.Release|x64.ActiveCfg = Release|x64
		{7729EB82-4069-4414-964B-AD399091A03F}.Release|x64.Build.0 = Release|x64
		{7729EB82-4069-4414-964B-AD399091A03F}.Release|x86.ActiveCfg = Release|Win32
		{7729EB82-4069-4414-964B-AD399091A03F}.Release|x86.Build.0 = Release|Win32
		{12BCEC19-75DD-49CF-8822-2F290CE7EB36}.Debug FB2K|x64.ActiveCfg = Debug|x64
		{12BCEC19-75DD-49CF-8822-2F290CE7EB36}.Debug FB2K|x64.Build.0 = Debug|x64
		{12BCEC19-75DD-49CF-8822-2F290CE7EB36}.Debug FB2K|x86.ActiveCfg = Debug|Win32
		{12BCEC19-75DD-49CF-8822-2F290CE7EB36}.Debug FB2K|x86.Build.0 = Debug|Win32
		{12BCEC19-75DD-49CF-8822-2F290CE7EB36}.Debug|x64.ActiveCfg = Debug|x64
		{12BCEC19-75DD-49CF-8822-2F290CE7EB36}.Debug|x64.Build.0 = Debug|x64
		{12BCEC19-75DD-49CF-8822-2F290CE7EB36}.Debug|x86.ActiveCfg = Debug|Win32
		{12BCEC19-75DD-49CF-8822-2F290CE7EB36}.Debug|x86.Build.0 = Debug|Win32
		{12BCEC19-75DD-49CF-8822-2F290CE7EB36}.Release FB2K|x64.ActiveCfg = Release|x64
		{12BCEC19-75DD-49CF-8822-2F290CE7EB36}.Release FB2K|x64.Build.0 = Release|x64
		{12BCEC19-75DD-49CF-8822-2F290CE7EB36}.Release FB2K|x86.ActiveCfg = Release|Win32
		{12BCEC19-75DD-49CF-8822-2F290CE7EB36}.Release FB2K|x86.Build.0 = Release|Win32
		{12BCEC19-75DD-49CF-8822-2F290CE7EB36}.Release|x64.ActiveCfg = Release|x64
		{12BCEC19-75DD-49CF-8822-2F290CE7EB36}.Release|x64.Build.0 = Release|x64
		{12BCEC19-75DD-49CF-8822-2F290CE7EB36}.Release|x86.ActiveCfg = Release|Win32
		{12BCEC19-75DD-49CF-8822-2F290CE7EB36}.Release|x86.Build.0 = Release|Win32
		{155CC5FC-96B6-4FFA-BFCE-9DB2FB987E47}.Debug FB2K|x64.ActiveCfg = Debug|x64
		{155CC5FC-96B6-4FFA-BFCE-9DB2FB987E47}.Debug FB2K|x64.Build.0 = Debug|x64
		{155CC5FC-96B6-4FFA-BFCE-9DB2FB987E47}.Debug FB2K|x86.ActiveCfg = Debug|Win32
		{155CC5FC-96B6-4FFA-BFCE-9DB2FB987E47}.Debug FB2K|x86.Build.0 = Debug|Win32
		{155CC5FC-96B6-4FFA-BFCE-9DB2FB987E47}.Debug|x64.ActiveCfg = Debug|x64
		{155CC5FC-96B6-4FFA-BFCE-9DB2FB987E47}.Debug|x64.Build.0 = Debug|x64
		{155CC5FC-96B6-4FFA-BFCE-9DB2FB987E47}.Debug|x86.ActiveCfg = Debug|Win32
		{155CC5FC-96B6-4FFA-BFCE-9DB2FB987E47}.Debug|x86.Build.0 = Debug|Win32
		{155CC5FC-96B6-4FFA-BFCE-9DB2FB987E47}.Release FB2K|x64.ActiveCfg = Release|x64
		{155CC5FC-96B6-4FFA-BFCE-9DB2FB987E47}.Release FB2K|x64.Build.0 = Release|x64
		{155CC5FC-96B6-4FFA-BFCE-9DB2FB987E47}.Release FB2K|x86.ActiveCfg = Release|Win32
		{155CC5FC-96B6-4FFA-BFCE-9DB2FB987E47}.Release FB2K|x86.Build.0 = Release|Win32
		{155CC5FC-96B6-4FFA-BFCE-9DB2FB987E47}.Release|x64.ActiveCfg = Release|x64
		{155CC5FC-96B6-4FFA-BFCE-9DB2FB987E47}.Release|x64.Build.0 = Release|x64
		{155CC5FC-96B6-4FFA-BFCE-9DB2FB987E47}.Release|x86.ActiveCfg = Release|Win32
		{155CC5FC-96B6-4FFA-BFCE-9DB2FB987E47}.Release|x86.Build.0 = Release|Win32
		{A66A32CB-CAA8-47A9-8C99-8D58AE5C8B15}.Debug FB2K|x64.ActiveCfg = Debug|x64
		{A66A32CB-CAA8-47A9-8C99-8D58AE5C8B15}.Debug FB2K|x64.Build.0 = Debug|x64
		{A66A32CB-CAA8-47A9-8C99-8D58AE5C8B15}.Debug FB2K|x86.ActiveCfg = Debug|Win32
		{A66A32CB-CAA8-47A9-8C99-8D58AE5C8B15}.Debug FB2K|x86.Build.0 = Debug|Win32
		{A66A32CB-CAA8-47A9-8C99-8D58AE5C8B15}.Debug|x64.ActiveCfg = Debug|x64
		{A66A32CB-CAA8-47A9-8C99-8D58AE5C8B15}.Debug|x64.Build.0 = Debug|x64
		{A66A32CB-CAA8-47A9-8C99-8D58AE5C8B15}.Debug|x86.ActiveCfg = Debug|Win32
		{A66A32CB-CAA8-47A9-8C99-8D58AE5C8B15}.Debug|x86.Build.0 = Debug|Win32
		{A66A32CB-CAA8-47A9-8C99-8D58AE5C8B15}.Release FB2K|x64.ActiveCfg = Release|x64
		{A66A32CB-CAA8-47A9-8C99-8D58AE5C8B15}.Release FB2K|x64.Build.0 = Release|x64
		{A66A32CB-CAA8-47A9-8C99-8D58AE5C8B15}.Release FB2K|x86.ActiveCfg = Release|Win32
		{A66A32CB-CAA8-47A9-8C99-8D58AE5C8B15}.Release FB2K|x86.Build.0 = Release|Win32
		{A66A32CB-CAA8-47A9-8C99-8D58AE5C8B15}.Release|x64.ActiveCfg = Release|x64
		{A66A32CB-CAA8-47A9-8C99-8D58AE5C8B15}.Release|x64.Build.0 = Release|x64
		{A66A32CB-CAA8-47A9-8C99-8D58AE5C8B15}.Release|x86.ActiveCfg = Release|Win32
		{A66A32CB-CAA8-47A9-8C99-8D58AE5C8B15}.Release|x86.Build.0 = Release|Win32
		{4573E081-973B-47F0-A67D-551761BA1678}.Debug FB2K|x64.ActiveCfg = Debug|x64
		{4573E081-973B-47F0-A67D-551761BA1678}.Debug FB2K|x64.Build.0 = Debug|x64
		{4573E081-973B-47F0-A67D-551761BA1678}.Debug FB2K|x86.ActiveCfg = Debug|Win32
		{4573E081-973B-47F0-A67D-551761BA1678}.Debug FB2K|x86.Build.0 = Debug|Win32
		{4573E081-973B-47F0-A67D-551761BA1678}.Debug|x64.ActiveCfg = Debug|x64
		{4573E081-973B-47F0-A67D-551761BA1678}.Debug|x64.Build.0 = Debug|x64
		{4573E081-973B-47F0-A67D-551761BA1678}.Debug|x86.ActiveCfg = Debug|Win32
		{4573E081-973B-47F0-A67D-551761BA1678}.Debug|x86.Build.0 = Debug|Win32
		{4573E081-973B-47F0-A67D-551761BA1678}.Release FB2K|x64.ActiveCfg = Release|x64
		{4573E081-973B-47F0-A67D-551761BA1678}.Release FB2K|x64.Build.0 = Release|x64
		{4573E081-973B-47F0-A67D-551761BA1678}.Release FB2K|x86.ActiveCfg = Release|Win32
		{4573E081-973B-47F0-A67D-551761BA1678}.Release FB2K|x86.Build.0 = Release|Win32
		{4573E081-973B-47F0-A67D-551761BA1678}.Release|x64.ActiveCfg = Release|x64
		{4573E081-973B-47F0-A67D-551761BA1678}.Release|x64.Build.0 = Release|x64
		{4573E081-973B-47F0-A67D-551761BA1678}.Release|x86.ActiveCfg = Release|Win32
		{4573E081-973B-47F0-A67D-551761BA1678}.Release|x86.Build.0 = Release|Win32
		{785D22DA-58D2-4545-87C7-8F49EE31CDA4}.Debug FB2K|x64.ActiveCfg = Debug|x64
		{785D22DA-58D2-4545-87C7-8F49EE31CDA4}.Debug FB2K|x64.Build.0 = Debug|x64
		{785D22DA-58D2-4545-87C7-8F49EE31CDA4}.Debug FB2K|x86.ActiveCfg = Debug|Win32
		{785D22DA-58D2-4545-87C7-8F49EE31CDA4}.Debug FB2K|x86.Build.0 = Debug|Win32
		{785D22DA-58D2-4545-87C7-8F49EE31CDA4}.Debug|x64.ActiveCfg = Debug|x64
		{785D22DA-58D2-4545-87C7-8F49EE31CDA4}.Debug|x64.Build.0 = Debug|x64
		{785D22DA-58D2-4545-87C7-8F49EE31CDA4}.Debug|x86.ActiveCfg = Debug|Win32
		{785D22DA-58D2-4545-87C7-8F49EE31CDA4}.Debug|x86.Build.0 = Debug|Win32
		{785D22DA-58D2-4545-87C7-8F49EE31CDA4}.Release FB2K|x64.ActiveCfg = Release|x64
		{785D22DA-58D2-4545-87C7-8F49EE31CDA4}.Release FB2K|x64.Build.0 = Release|x64
		{785D22DA-58D2-4545-87C7-8F49EE31CDA4}.Release FB2K|x86.ActiveCfg = Release|Win32
		{785D22DA-58D2-4545-87C7-8F49EE31CDA4}.Release FB2K|x86.Build.0 = Release|Win32
		{785D22DA-58D2-4545-87C7-8F49EE31CDA4}.Release|x64.ActiveCfg = Release|x64
		{785D22DA-58D2-4545-87C7-8F49EE31CDA4}.Release|x64.Build.0 = Release|x64
		{785D22DA-58D2-4545-87C7-8F49EE31CDA4}.Release|x86.ActiveCfg = Release|Win32
		{785D22DA-58D2-4545-87C7-8F49EE31CDA4}.Release|x86.Build.0 = Release|Win32
		{5D666F11-5E76-4653-8B5B-32988E4907A0}.Debug FB2K|x64.ActiveCfg = Debug|Win32
		{5D666F11-5E76-4653-8B5B-32988E4907A0}.Debug FB2K|x64.Build.0 = Debug|Win32
		{5D666F11-5E76-4653-8B5B-32988E4907A0}.Debug FB2K|x86.ActiveCfg = Debug|Win32
		{5D666F11-5E76-4653-8B5B-32988E4907A0}.Debug FB2K|x86.Build.0 = Debug|Win32
		{5D666F11-5E76-4653-8B5B-32988E4907A0}.Debug|x64.ActiveCfg = Debug|Win32
		{5D666F11-5E76-4653-8B5B-32988E4907A0}.Debug|x64.Build.0 = Debug|Win32
		{5D666F11-5E76-4653-8B5B-32988E4907A0}.Debug|x86.ActiveCfg = Debug|Win32
		{5D666F11-5E76-4653-8B5B-32988E4907A0}.Debug|x86.Build.0 = Debug|Win32
		{5D666F11-5E76-4653-8B5B-32988E4907A0}.Release FB2K|x64.ActiveCfg = Release|Win32
		{5D666F11-5E76-4653-8B5B-32988E4907A0}.Release FB2K|x64.Build.0 = Release|Win32
		{5D666F11-5E76-4653-8B5B-32988E4907A0}.Release FB2K|x86.ActiveCfg = Release|Win32
		{5D666F11-5E76-4653-8B5B-32988E4907A0}.Release FB2K|x86.Build.0 = Release|Win32
		{5D666F11-5E76-4653-8B5B-32988E4907A0}.Release|x64.ActiveCfg = Release|Win32
		{5D666F11-5E76-4653-8B5B-32988E4907A0}.Release|x64.Build.0 = Release|Win32
		{5D666F11-5E76-4653-8B5B-32988E4907A0}.Release|x86.ActiveCfg = Release|Win32
		{5D666F11-5E76-4653-8B5B-32988E4907A0}.Release|x86.Build.0 = Release|Win32
		{BCEE3FD2-9A64-4740-8C69-19575BF6FBB0}.Debug FB2K|x64.ActiveCfg = Debug|x64
		{BCEE3FD2-9A64-4740-8C69-19575BF6FBB0}.Debug FB2K|x64.Build.0 = Debug|x64
		{BCEE3FD2-9A64-4740-8C69-19575BF6FBB0}.Debug FB2K|x86.ActiveCfg = Debug|x64
		{BCEE3FD2-9A64-4740-8C69-19575BF6FBB0}.Debug FB2K|x86.Build.0 = Debug|x64
		{BCEE3FD2-9A64-4740-8C69-19575BF6FBB0}.Debug|x64.ActiveCfg = Debug|x64
		{BCEE3FD2-9A64-4740-8C69-19575BF6FBB0}.Debug|x64.Build.0 = Debug|x64
		{BCEE3FD2-9A64-4740-8C69-19575BF6FBB0}.Debug|x86.ActiveCfg = Debug|x64
		{BCEE3FD2-9A64-4740-8C69-19575BF6FBB0}.Debug|x86.Build.0 = Debug|x64
		{BCEE3FD2-9A64-4740-8C69-19575BF6FBB0}.Release FB2K|x64.ActiveCfg = Release|x64
		{BCEE3FD2-9A64-4740-8C69-19575BF6FBB0}.Release FB2K|x64.Build.0 = Release|x64
		{BCEE3FD2-9A64-4740-8C69-19575BF6FBB0}.Release FB2K|x86.ActiveCfg = Release|x64
		{BCEE3FD2-9A64-4740-8C69-19575BF6FBB0}.Release FB2K|x86.Build.0 = Release|x64
		{BCEE3FD2-9A64-4740-8C69-19575BF6FBB0}.Release|x64.ActiveCfg = Release|x64
		{BCEE3FD2-9A64-4740-8C69-19575BF6FBB0}.Release|x64.Build.0 = Release|x64
		{BCEE3FD2-9A64-4740-8C69-19575BF6FBB0}.Release|x86.ActiveCfg = Release|x64
		{BCEE3FD2-9A64-4740-8C69-19575BF6FBB0}.Release|x86.Build.0 = Release|x64
		{6E35BB35-ACBA-40EB-8F63-BD153046677C}.Debug FB2K|x64.ActiveCfg = Debug|Win32
		{6E35BB35-ACBA-40EB-8F63-BD153046677C}.Debug FB2K|x64.Build.0 = Debug|Win32
		{6E35BB35-ACBA-40EB-8F63-BD153046677C}.Debug FB2K|x86.ActiveCfg = Debug|Win32
		{6E35BB35-ACBA-40EB-8F63-BD153046677C}.Debug FB2K|x86.Build.0 = Debug|Win32
		{6E35BB35-ACBA-40EB-8F63-BD153046677C}.Debug|x64.ActiveCfg = Debug|Win32
		{6E35BB35-ACBA-40EB-8F63-BD153046677C}.Debug|x64.Build.0 = Debug|Win32
		{6E35BB35-ACBA-40EB-8F63-BD153046677C}.Debug|x86.ActiveCfg = Debug|Win32
		{6E35BB35-ACBA-40EB-8F63-BD153046677C}.Debug|x86.Build.0 = Debug|Win32
		{6E35BB35-ACBA-40EB-8F63-BD153046677C}.Release FB2K|x64.ActiveCfg = Release|Win32
		{6E35BB35-ACBA-40EB-8F63-BD153046677C}.Release FB2K|x64.Build.0 = Release|Win32
		{6E35BB35-ACBA-40EB-8F63-BD153046677C}.Release FB2K|x86.ActiveCfg = Release|Win32
		{6E35BB35-ACBA-40EB-8F63-BD153046677C}.Release FB2K|x86.Build.0 = Release|Win32
		{6E35BB35-ACBA-40EB-8F63-BD153046677C}.Release|x64.ActiveCfg = Release|Win32
		{6E35BB35-ACBA-40EB-8F63-BD153046677C}.Release|x64.Build.0 = Release|Win32
		{6E35BB35-ACBA-40EB-8F63-BD153046677C}.Release|x86.ActiveCfg = Release|Win32
		{6E35BB35-ACBA-40EB-8F63-BD153046677C}.Release|x86.Build.0 = Release|Win32
		{E1FCB978-5AC5-4E16-9573-DFB55D44ACC2}.Debug FB2K|x64.ActiveCfg = Debug|x64
		{E1FCB978-5AC5-4E16-9573-DFB55D44ACC2}.Debug FB2K|x64.Build.0 = Debug|x64
		{E1FCB978-5AC5-4E16-9573-DFB55D44ACC2}.Debug FB2K|x86.ActiveCfg = Debug|x64
		{E1FCB978-5AC5-4E16-9573-DFB55D44ACC2}.Debug FB2K|x86.Build.0 = Debug|x64
		{E1FCB978-5AC5-4E16-9573-DFB55D44ACC2}.Debug|x64.ActiveCfg = Debug|x64
		{E1FCB978-5AC5-4E16-9573-DFB55D44ACC2}.Debug|x64.Build.0 = Debug|x64
		{E1FCB978-5AC5-4E16-9573-DFB55D44ACC2}.Debug|x86.ActiveCfg = Debug|x64
		{E1FCB978-5AC5-4E16-9573-DFB55D44ACC2}.Debug|x86.Build.0 = Debug|x64
		{E1FCB978-5AC5-4E16-9573-DFB55D44ACC2}.Release FB2K|x64.ActiveCfg = Release|x64
		{E1FCB978-5AC5-4E16-9573-DFB55D44ACC2}.Release FB2K|x64.Build.0 = Release|x64
		{E1FCB978-5AC5-4E16-9573-DFB55D44ACC2}.Release FB2K|x86.ActiveCfg = Release|x64
		{E1FCB978-5AC5-4E16-9573-DFB55D44ACC2}.Release FB2K|x86.Build.0 = Release|x64
		{E1FCB978-5AC5-4E16-9573-DFB55D44ACC2}.Release|x64.ActiveCfg = Release|x64
		{E1FCB978-5AC5-4E16-9573-DFB55D44ACC2}.Release|x64.Build.0 = Release|x64
		{E1FCB978-5AC5-4E16-9573-DFB55D44ACC2}.Release|x86.ActiveCfg = Release|x64
		{E1FCB978-5AC5-4E16-9573-DFB55D44ACC2}.Release|x86.Build.0 = Release|x64
		{F228AFA2-BE24-4416-9F4C-5BD927F0AA0F}.Debug FB2K|x64.ActiveCfg = Debug|x64
		{F228AFA2-BE24-4416-9F4C-5BD927F0AA0F}.Debug FB2K|x64.Build.0 = Debug|x64
		{F228AFA2-BE24-4416-9F4C-5BD927F0AA0F}.Debug FB2K|x86.ActiveCfg = Debug|Win32
		{F228AFA2-BE24-4416-9F4C-5BD927F0AA0F}.Debug FB2K|x86.Build.0 = Debug|Win32
		{F228AFA2-BE24-4416-9F4C-5BD927F0AA0F}.Debug|x64.ActiveCfg = Debug|x64
		{F228AFA2-BE24-4416-9F4C-5BD927F0AA0F}.Debug|x64.Build.0 = Debug|x64
		{F228AFA2-BE24-4416-9F4C-5BD927F0AA0F}.Debug|x86.ActiveCfg = Debug|Win32
		{F228AFA2-BE24-4416-9F4C-5BD927F0AA0F}.Debug|x86.Build.0 = Debug|Win32
		{F228AFA2-BE24-4416-9F4C-5BD927F0AA0F}.Release FB2K|x64.ActiveCfg = Release|x64
		{F228AFA2-BE24-4416-9F4C-5BD927F0AA0F}.Release FB2K|x64.Build.0 = Release|x64
		{F228AFA2-BE24-4416-9F4C-5BD927F0AA0F}.Release FB2K|x86.ActiveCfg = Release|Win32
		{F228AFA2-BE24-4416-9F4C-5BD927F0AA0F}.Release FB2K|x86.Build.0 = Release|Win32
		{F228AFA2-BE24-4416-9F4C-5BD927F0AA0F}.Release|x64.ActiveCfg = Release|x64
		{F228AFA2-BE24-4416-9F4C-5BD927F0AA0F}.Release|x64.Build.0 = Release|x64
		{F228AFA2-BE24-4416-9F4C-5BD927F0AA0F}.Release|x86.ActiveCfg = Release|Win32
		{F228AFA2-BE24-4416-9F4C-5BD927F0AA0F}.Release|x86.Build.0 = Release|Win32
		{A73864F1-7953-47FF-99B6-4AC39892A915}.Debug FB2K|x64.ActiveCfg = Debug|x64
		{A73864F1-7953-47FF-99B6-4AC39892A915}.Debug FB2K|x64.Build.0 = Debug|x64
		{A73864F1-7953-47FF-99B6-4AC39892A915}.Debug FB2K|x86.ActiveCfg = Debug|Win32
		{A73864F1-7953-47FF-99B6-4AC39892A915}.Debug FB2K|x86.Build.0 = Debug|Win32
		{A73864F1-7953-47FF-99B6-4AC39892A915}.Debug|x64.ActiveCfg = Debug|x64
		{A73864F1-7953-47FF-99B6-4AC39892A915}.Debug|x64.Build.0 = Debug|x64
		{A73864F1-7953-47FF-99B6-4AC39892A915}.Debug|x86.ActiveCfg = Debug|Win32
		{A73864F1-7953-47FF-99B6-4AC39892A915}.Debug|x86.Build.0 = Debug|Win32
		{A73864F1-7953-47FF-99B6-4AC39892A915}.Release FB2K|x64.ActiveCfg = Release|x64
		{A73864F1-7953-47FF-99B6-4AC39892A915}.Release FB2K|x64.Build.0 = Release|x64
		{A73864F1-7953-47FF-99B6-4AC39892A915}.Release FB2K|x86.ActiveCfg = Release|Win32
		{A73864F1-7953-47FF-99B6-4AC39892A915}.Release FB2K|x86.Build.0 = Release|Win32
		{A73864F1-7953-47FF-99B6-4AC39892A915}.Release|x64.ActiveCfg = Release|x64
		{A73864F1-7953-47FF-99B6-4AC39892A915}.Release|x64.Build.0 = Release|x64
		{A73864F1-7953-47FF-99B6-4AC39892A915}.Release|x86.ActiveCfg = Release|Win32
		{A73864F1-7953-47FF-99B6-4AC39892A915}.Release|x86.Build.0 = Release|Win32
		{F6039EEC-6F65-493B-B007-512550690F03}.Debug FB2K|x64.ActiveCfg = Debug|x64
		{F6039EEC-6F65-493B-B007-512550690F03}.Debug FB2K|x64.Build.0 = Debug|x64
		{F6039EEC-6F65-493B-B007-512550690F03}.Debug FB2K|x86.ActiveCfg = Debug|Win32
		{F6039EEC-6F65-493B-B007-512550690F03}.Debug FB2K|x86.Build.0 = Debug|Win32
		{F6039EEC-6F65-493B-B007-512550690F03}.Debug|x64.ActiveCfg = Debug|x64
		{F6039EEC-6F65-493B-B007-512550690F03}.Debug|x64.Build.0 = Debug|x64
		{F6039EEC-6F65-493B-B007-512550690F03}.Debug|x86.ActiveCfg = Debug|Win32
		{F6039EEC-6F65-493B-B007-512550690F03}.Debug|x86.Build.0 = Debug|Win32
		{F6039EEC-6F65-493B-B007-512550690F03}.Release FB2K|x64.ActiveCfg = Release|x64
		{F6039EEC-6F65-493B-B007-512550690F03}.Release FB2K|x64.Build.0 = Release|x64
		{F6039EEC-6F65-493B-B007-512550690F03}.Release FB2K|x86.ActiveCfg = Release|Win32
		{F6039EEC-6F65-493B-B007-512550690F03}.Release FB2K|x86.Build.0 = Release|Win32
		{F6039EEC-6F65-493B-B007-512550690F03}.Release|x64.ActiveCfg = Release|x64
		{F6039EEC-6F65-493B-B007-512550690F03}.Release|x64.Build.0 = Release|x64
		{F6039EEC-6F65-493B-B007-512550690F03}.Release|x86.ActiveCfg = Release|Win32
		{F6039EEC-6F65-493B-B007-512550690F03}.Release|x86.Build.0 = Release|Win32
		{7F212E63-0B40-4FFE-8CD5-19A1A397B5E5}.Debug FB2K|x64.ActiveCfg = Debug|x64
		{7F212E63-0B40-4FFE-8CD5-19A1A397B5E5}.Debug FB2K|x64.Build.0 = Debug|x64
		{7F212E63-0B40-4FFE-8CD5-19A1A397B5E5}.Debug FB2K|x86.ActiveCfg = Debug|Win32
		{7F212E63-0B40-4FFE-8CD5-19A1A397B5E5}.Debug FB2K|x86.Build.0 = Debug|Win32
		{7F212E63-0B40-4FFE-8CD5-19A1A397B5E5}.Debug|x64.ActiveCfg = Debug|x64
		{7F212E63-0B40-4FFE-8CD5-19A1A397B5E5}.Debug|x64.Build.0 = Debug|x64
		{7F212E63-0B40-4FFE-8CD5-19A1A397B5E5}.Debug|x86.ActiveCfg = Debug|Win32
		{7F212E63-0B40-4FFE-8CD5-19A1A397B5E5}.Debug|x86.Build.0 = Debug|Win32
		{7F212E63-0B40-4FFE-8CD5-19A1A397B5E5}.Release FB2K|x64.ActiveCfg = Release|x64
		{7F212E63-0B40-4FFE-8CD5-19A1A397B5E5}.Release FB2K|x64.Build.0 = Release|x64
		{7F212E63-0B40-4FFE-8CD5-19A1A397B5E5}.Release FB2K|x86.ActiveCfg = Release|Win32
		{7F212E63-0B40-4FFE-8CD5-19A1A397B5E5}.Release FB2K|x86.Build.0 = Release|Win32
		{7F212E63-0B40-4FFE-8CD5-19A1A397B5E5}.Release|x64.ActiveCfg = Release|x64
		{7F212E63-0B40-4FFE-8CD5-19A1A397B5E5}.Release|x64.Build.0 = Release|x64
		{7F212E63-0B40-4FFE-8CD5-19A1A397B5E5}.Release|x86.ActiveCfg = Release|Win32
		{7F212E63-0B40-4FFE-8CD5-19A1A397B5E5}.Release|x86.Build.0 = Release|Win32
		{69719831-D965-4AED-91C1-70C4FF01945D}.Debug FB2K|x64.ActiveCfg = Debug|x64
		{69719831-D965-4AED-91C1-70C4FF01945D}.Debug FB2K|x64.Build.0 = Debug|x64
		{69719831-D965-4AED-91C1-70C4FF01945D}.Debug FB2K|x86.ActiveCfg = Debug|Win32
		{69719831-D965-4AED-91C1-70C4FF01945D}.Debug FB2K|x86.Build.0 = Debug|Win32
		{69719831-D965-4AED-91C1-70C4FF01945D}.Debug|x64.ActiveCfg = Debug|x64
		{69719831-D965-4AED-91C1-70C4FF01945D}.Debug|x64.Build.0 = Debug|x64
		{69719831-D965-4AED-91C1-70C4FF01945D}.Debug|x86.ActiveCfg = Debug|Win32
		{69719831-D965-4AED-91C1-70C4FF01945D}.Debug|x86.Build.0 = Debug|Win32
		{69719831-D965-4AED-91C1-70C4FF01945D}.Release FB2K|x64.ActiveCfg = Release|x64
		{69719831-D965-4AED-91C1-70C4FF01945D}.Release FB2K|x64.Build.0 = Release|x64
		{69719831-D965-4AED-91C1-70C4FF01945D}.Release FB2K|x86.ActiveCfg = Release|Win32
		{69719831-D965-4AED-91C1-70C4FF01945D}.Release FB2K|x86.Build.0 = Release|Win32
		{69719831-D965-4AED-91C1-70C4FF01945D}.Release|x64.ActiveCfg = Release|x64
		{69719831-D965-4AED-91C1-70C4FF01945D}.Release|x64.Build.0 = Release|x64
		{69719831-D965-4AED-91C1-70C4FF01945D}.Release|x86.ActiveCfg = Release|Win32
		{69719831-D965-4AED-91C1-70C4FF01945D}.Release|x86.Build.0 = Release|Win32
		{2CBB0461-475D-446E-BF3E-C417793C1A29}.Debug FB2K|x64.ActiveCfg = Debug|x64
		{2CBB0461-475D-446E-BF3E-C417793C1A29}.Debug FB2K|x64.Build.0 = Debug|x64
		{2CBB0461-475D-446E-BF3E-C417793C1A29}.Debug FB2K|x86.ActiveCfg = Debug|Win32
		{2CBB0461-475D-446E-BF3E-C417793C1A29}.Debug FB2K|x86.Build.0 = Debug|Win32
		{2CBB0461-475D-446E-BF3E-C417793C1A29}.Debug|x64.ActiveCfg = Debug|x64
		{2CBB0461-475D-446E-BF3E-C417793C1A29}.Debug|x64.Build.0 = Debug|x64
		{2CBB0461-475D-446E-BF3E-C417793C1A29}.Debug|x86.ActiveCfg = Debug|Win32
		{2CBB0461-475D-446E-BF3E-C417793C1A29}.Debug|x86.Build.0 = Debug|Win32
		{2CBB0461-475D-446E-BF3E-C417793C1A29}.Release FB2K|x64.ActiveCfg = Release|x64
		{2CBB0461-475D-446E-BF3E-C417793C1A29}.Release FB2K|x64.Build.0 = Release|x64
		{2CBB0461-475D-446E-BF3E-C417793C1A29}.Release FB2K|x86.ActiveCfg = Release|Win32
		{2CBB0461-475D-446E-BF3E-C417793C1A29}.Release FB2K|x86.Build.0 = Release|Win32
		{2CBB0461-475D-446E-BF3E-C417793C1A29}.Release|x64.ActiveCfg = Release|x64
		{2CBB0461-475D-446E-BF3E-C417793C1A29}.Release|x64.Build.0 = Release|x64
		{2CBB0461-475D-446E-BF3E-C417793C1A29}.Release|x86.ActiveCfg = Release|Win32
		{2CBB0461-475D-446E-BF3E-C417793C1A29}.Release|x86.Build.0 = Release|Win32
		{388EB9A8-764E-4A90-BE37-FB28CAE70D03}.Debug FB2K|x64.ActiveCfg = Debug|x64
		{388EB9A8-764E-4A90-BE37-FB28CAE70D03}.Debug FB2K|x64.Build.0 = Debug|x64
		{388EB9A8-764E-4A90-BE37-FB28CAE70D03}.Debug FB2K|x86.ActiveCfg = Debug|Win32
		{388EB9A8-764E-4A90-BE37-FB28CAE70D03}.Debug FB2K|x86.Build.0 = Debug|Win32
		{388EB9A8-764E-4A90-BE37-FB28CAE70D03}.Debug|x64.ActiveCfg = Debug|x64
		{388EB9A8-764E-4A90-BE37-FB28CAE70D03}.Debug|x64.Build.0 = Debug|x64
		{388EB9A8-764E-4A90-BE37-FB28CAE70D03}.Debug|x86.ActiveCfg = Debug|Win32
		{388EB9A8-764E-4A90-BE37-FB28CAE70D03}.Debug|x86.Build.0 = Debug|Win32
		{388EB9A8-764E-4A90-BE37-FB28CAE70D03}.Release FB2K|x64.ActiveCfg = Release|x64
		{388EB9A8-764E-4A90-BE37-FB28CAE70D03}.Release FB2K|x64.Build.0 = Release|x64
		{388EB9A8-764E-4A90-BE37-FB28CAE70D03}.Release FB2K|x86.ActiveCfg = Release|Win32
		{388EB9A8-764E-4A90-BE37-FB28CAE70D03}.Release FB2K|x86.Build.0 = Release|Win32
		{388EB9A8-764E-4A90-BE37-FB28CAE70D03}.Release|x64.ActiveCfg = Release|x64
		{388EB9A8-764E-4A90-BE37-FB28CAE70D03}.Release|x64.Build.0 = Release|x64
		{388EB9A8-764E-4A90-BE37-FB28CAE70D03}.Release|x86.ActiveCfg = Release|Win32
		{388EB9A8-764E-4A90-BE37-FB28CAE70D03}.Release|x86.Build.0 = Release|Win32
	EndGlobalSection
	GlobalSection(SolutionProperties) = preSolution
		HideSolutionNode = FALSE
	EndGlobalSection
	GlobalSection(NestedProjects) = preSolution
		{71AD2674-065B-48F5-B8B0-E1F9D3892081} = {57390DC5-1075-4614-A410-6BA90B54562B}
		{E8091321-D79D-4575-86EF-064EA1A4A20D} = {57390DC5-1075-4614-A410-6BA90B54562B}
		{EE47764E-A202-4F85-A767-ABDAB4AFF35F} = {57390DC5-1075-4614-A410-6BA90B54562B}
		{EBFFFB4E-261D-44D3-B89C-957B31A0BF9C} = {57390DC5-1075-4614-A410-6BA90B54562B}
		{7729EB82-4069-4414-964B-AD399091A03F} = {57390DC5-1075-4614-A410-6BA90B54562B}
		{57390DC5-1075-4614-A410-6BA90B54562B} = {934E35B0-D456-431E-A256-373DACFE54D3}
		{12BCEC19-75DD-49CF-8822-2F290CE7EB36} = {934E35B0-D456-431E-A256-373DACFE54D3}
		{155CC5FC-96B6-4FFA-BFCE-9DB2FB987E47} = {934E35B0-D456-431E-A256-373DACFE54D3}
		{A66A32CB-CAA8-47A9-8C99-8D58AE5C8B15} = {934E35B0-D456-431E-A256-373DACFE54D3}
		{4573E081-973B-47F0-A67D-551761BA1678} = {934E35B0-D456-431E-A256-373DACFE54D3}
		{785D22DA-58D2-4545-87C7-8F49EE31CDA4} = {934E35B0-D456-431E-A256-373DACFE54D3}
		{5D666F11-5E76-4653-8B5B-32988E4907A0} = {934E35B0-D456-431E-A256-373DACFE54D3}
		{BCEE3FD2-9A64-4740-8C69-19575BF6FBB0} = {934E35B0-D456-431E-A256-373DACFE54D3}
		{6E35BB35-ACBA-40EB-8F63-BD153046677C} = {934E35B0-D456-431E-A256-373DACFE54D3}
		{E1FCB978-5AC5-4E16-9573-DFB55D44ACC2} = {934E35B0-D456-431E-A256-373DACFE54D3}
		{F228AFA2-BE24-4416-9F4C-5BD927F0AA0F} = {934E35B0-D456-431E-A256-373DACFE54D3}
		{A73864F1-7953-47FF-99B6-4AC39892A915} = {934E35B0-D456-431E-A256-373DACFE54D3}
		{F6039EEC-6F65-493B-B007-512550690F03} = {934E35B0-D456-431E-A256-373DACFE54D3}
		{7F212E63-0B40-4FFE-8CD5-19A1A397B5E5} = {934E35B0-D456-431E-A256-373DACFE54D3}
		{69719831-D965-4AED-91C1-70C4FF01945D} = {934E35B0-D456-431E-A256-373DACFE54D3}
		{2CBB0461-475D-446E-BF3E-C417793C1A29} = {934E35B0-D456-431E-A256-373DACFE54D3}
		{388EB9A8-764E-4A90-BE37-FB28CAE70D03} = {934E35B0-D456-431E-A256-373DACFE54D3}
	EndGlobalSection
	GlobalSection(ExtensibilityGlobals) = postSolution
		SolutionGuid = {DA122A7C-58D4-49CA-A469-F9F4B911E102}
	EndGlobalSection
EndGlobal
