<?xml version="1.0" encoding="utf-8"?>
<Project ToolsVersion="4.0" xmlns="http://schemas.microsoft.com/developer/msbuild/2003">
  <ItemGroup>
    <ClCompile Include="DXiPlayer.cpp" />
    <ClCompile Include="midi.cpp" />
    <ClCompile Include="PlugInInventory.cpp" />
    <ClCompile Include="SFPlayer.cpp" />
    <ClCompile Include="SMF.cpp" />
    <ClCompile Include="StdAfx.cpp" />
    <ClCompile Include="VSTiPlayer.cpp" />
    <ClCompile Include="MT32Player.cpp" />
    <ClCompile Include="BMPlayer.cpp" />
    <ClCompile Include="DXiProxy.cpp" />
    <ClCompile Include="EMIDIPlayer.cpp" />
    <ClCompile Include="ADLPlayer.cpp" />
    <ClCompile Include="fmmidiPlayer.cpp" />
    <ClCompile Include="MIDIPlayer.cpp" />
    <ClCompile Include="sflist\json.c">
      <Filter>sflist</Filter>
    </ClCompile>
    <ClCompile Include="sflist\json-builder.c">
      <Filter>sflist</Filter>
    </ClCompile>
    <ClCompile Include="sflist\sflist.c">
      <Filter>sflist</Filter>
    </ClCompile>
    <ClCompile Include="MSPlayer.cpp" />
    <ClCompile Include="synthlib_doom\i_oplmusic.cpp">
      <Filter>synthlib_doom</Filter>
    </ClCompile>
    <ClCompile Include="synthlib_opl3w\opl3midi.cpp">
      <Filter>synthlib_opl3w</Filter>
    </ClCompile>
    <ClCompile Include="resampler.c" />
    <ClCompile Include="SCPlayer.cpp" />
    <ClCompile Include="synthlib_apogee\al_midi.cpp">
      <Filter>synthlib_apogee</Filter>
    </ClCompile>
    <ClCompile Include="fmopl3lib\opl3class.cpp">
      <Filter>fmopl3</Filter>
    </ClCompile>
  </ItemGroup>
  <ItemGroup>
    <ClInclude Include="hypersonic2.h" />
    <ClInclude Include="resource.h" />
    <ClInclude Include="SFPlayer.h" />
    <ClInclude Include="VSTiPlayer.h" />
    <ClInclude Include="MT32Player.h" />
    <ClInclude Include="mtgm.h" />
    <ClInclude Include="BMPlayer.h" />
    <ClInclude Include="DXiProxy.h" />
    <ClInclude Include="EMIDIPlayer.h" />
    <ClInclude Include="ADLPlayer.h" />
    <ClInclude Include="fmmidiPlayer.h" />
    <ClInclude Include="kq6mtgm.h" />
    <ClInclude Include="MIDIPlayer.h" />
    <ClInclude Include="sflist\json.h">
      <Filter>sflist</Filter>
    </ClInclude>
    <ClInclude Include="sflist\json-builder.h">
      <Filter>sflist</Filter>
    </ClInclude>
    <ClInclude Include="sflist\sflist.h">
      <Filter>sflist</Filter>
    </ClInclude>
    <ClInclude Include="interface.h" />
    <ClInclude Include="MSPlayer.h" />
    <ClInclude Include="synthlib_doom\i_oplmusic.h">
      <Filter>synthlib_doom</Filter>
    </ClInclude>
    <ClInclude Include="synthlib_doom\inst\dmx_dmx.h">
      <Filter>synthlib_doom\inst</Filter>
    </ClInclude>
    <ClInclude Include="synthlib_doom\inst\dmx_doom1.h">
      <Filter>synthlib_doom\inst</Filter>
    </ClInclude>
    <ClInclude Include="synthlib_doom\inst\dmx_doom2.h">
      <Filter>synthlib_doom\inst</Filter>
    </ClInclude>
    <ClInclude Include="synthlib_doom\inst\dmx_raptor.h">
      <Filter>synthlib_doom\inst</Filter>
    </ClInclude>
    <ClInclude Include="synthlib_doom\inst\dmx_strife.h">
      <Filter>synthlib_doom\inst</Filter>
    </ClInclude>
    <ClInclude Include="synthlib_opl3w\gmtimbre.h">
      <Filter>synthlib_opl3w</Filter>
    </ClInclude>
    <ClInclude Include="synthlib_opl3w\opl3midi.h">
      <Filter>synthlib_opl3w</Filter>
    </ClInclude>
    <ClInclude Include="synthlib_opl3w\opl3type.h">
      <Filter>synthlib_opl3w</Filter>
    </ClInclude>
    <ClInclude Include="resampler.h" />
    <ClInclude Include="SCPlayer.h" />
    <ClInclude Include="synthlib_apogee\_al_midi.h">
      <Filter>synthlib_apogee</Filter>
    </ClInclude>
    <ClInclude Include="synthlib_apogee\al_midi.h">
      <Filter>synthlib_apogee</Filter>
    </ClInclude>
    <ClInclude Include="synthlib_apogee\inst\apogee_blood.h">
      <Filter>synthlib_apogee\inst</Filter>
    </ClInclude>
    <ClInclude Include="synthlib_apogee\inst\apogee_duke3d.h">
      <Filter>synthlib_apogee\inst</Filter>
    </ClInclude>
    <ClInclude Include="synthlib_apogee\inst\apogee_lee.h">
      <Filter>synthlib_apogee\inst</Filter>
    </ClInclude>
    <ClInclude Include="synthlib_apogee\inst\apogee_nam.h">
      <Filter>synthlib_apogee\inst</Filter>
    </ClInclude>
    <ClInclude Include="synthlib_apogee\inst\apogee_sw.h">
      <Filter>synthlib_apogee\inst</Filter>
    </ClInclude>
    <ClInclude Include="synthlib_doom\inst\dmxopl.h">
      <Filter>synthlib_doom\inst</Filter>
    </ClInclude>
    <ClInclude Include="fmopl3lib\opl3class.h">
      <Filter>fmopl3</Filter>
    </ClInclude>
  </ItemGroup>
  <ItemGroup>
    <ResourceCompile Include="foo_midi.rc" />
  </ItemGroup>
  <ItemGroup>
    <CustomBuild Include="DXiPlayer.h" />
    <CustomBuild Include="PlugInInventory.h" />
    <CustomBuild Include="StdAfx.h" />
  </ItemGroup>
  <ItemGroup>
    <Library Include="..\..\..\bass\c\bass.lib" />
    <Library Include="..\..\..\bass\c\bassmidi.lib" />
  </ItemGroup>
  <ItemGroup>
    <Filter Include="sflist">
      <UniqueIdentifier>{3611c29b-e316-401c-9c25-306cf31dffb4}</UniqueIdentifier>
    </Filter>
    <Filter Include="synthlib_doom">
      <UniqueIdentifier>{18c2fd9d-a8d5-4667-98fc-3f125312083a}</UniqueIdentifier>
    </Filter>
    <Filter Include="synthlib_doom\inst">
      <UniqueIdentifier>{c29e919f-26f8-4b8b-8248-20d64a7bfc42}</UniqueIdentifier>
    </Filter>
    <Filter Include="synthlib_opl3w">
      <UniqueIdentifier>{ce267110-84ca-4373-87f8-a4c1f2f16a49}</UniqueIdentifier>
    </Filter>
    <Filter Include="synthlib_apogee">
      <UniqueIdentifier>{2dee18c8-401c-461b-95dd-6f2b6bc2a984}</UniqueIdentifier>
    </Filter>
    <Filter Include="synthlib_apogee\inst">
      <UniqueIdentifier>{1846ef8c-56c6-47b6-827d-213edf2f5262}</UniqueIdentifier>
    </Filter>
    <Filter Include="fmopl3">
      <UniqueIdentifier>{6c7c9704-78c6-4575-9731-efa7ee251557}</UniqueIdentifier>
    </Filter>
  </ItemGroup>
</Project>