<?xml version="1.0" encoding="utf-8"?>
<Project ToolsVersion="4.0" xmlns="http://schemas.microsoft.com/developer/msbuild/2003">
  <ItemGroup>
    <Filter Include="Header Files">
      <UniqueIdentifier>{62cf500c-0de5-4b78-8fe7-c4f54db74360}</UniqueIdentifier>
      <Extensions>h;hpp;hxx;hm;inl</Extensions>
    </Filter>
    <Filter Include="Source Files">
      <UniqueIdentifier>{cfd94e32-11c6-4b7a-bc3e-0a0a722d95f7}</UniqueIdentifier>
      <Extensions>cpp;c;cxx;rc;def;r;odl;idl;hpj;bat</Extensions>
    </Filter>
  </ItemGroup>
  <ItemGroup>
    <ClCompile Include="DxAllocator.cpp">
      <Filter>Source Files</Filter>
    </ClCompile>
    <ClCompile Include="DxBufRenderer.cpp">
      <Filter>Source Files</Filter>
    </ClCompile>
    <ClCompile Include="DxFilterGraph.cpp">
      <Filter>Source Files</Filter>
    </ClCompile>
    <ClCompile Include="DxNullSource.cpp">
      <Filter>Source Files</Filter>
    </ClCompile>
    <ClCompile Include="MfxBufferFactory.cpp">
      <Filter>Source Files</Filter>
    </ClCompile>
    <ClCompile Include="MfxDataQueue.cpp">
      <Filter>Source Files</Filter>
    </ClCompile>
    <ClCompile Include="MfxEvent.cpp">
      <Filter>Source Files</Filter>
    </ClCompile>
    <ClCompile Include="MfxEventQueue.cpp">
      <Filter>Source Files</Filter>
    </ClCompile>
    <ClCompile Include="MfxHostSite.cpp">
      <Filter>Source Files</Filter>
    </ClCompile>
    <ClCompile Include="MfxMeterKeySigMap.cpp">
      <Filter>Source Files</Filter>
    </ClCompile>
    <ClCompile Include="MfxSeq.cpp">
      <Filter>Source Files</Filter>
    </ClCompile>
    <ClCompile Include="MfxTempoMap.cpp">
      <Filter>Source Files</Filter>
    </ClCompile>
    <ClCompile Include="MfxTrack.cpp">
      <Filter>Source Files</Filter>
    </ClCompile>
    <ClCompile Include="StdAfx.cpp">
      <Filter>Source Files</Filter>
    </ClCompile>
    <ClCompile Include="xRPNContext.cpp">
      <Filter>Source Files</Filter>
    </ClCompile>
  </ItemGroup>
  <ItemGroup>
    <ClInclude Include="DxAllocator.h">
      <Filter>Header Files</Filter>
    </ClInclude>
    <ClInclude Include="DxBufRenderer.h">
      <Filter>Header Files</Filter>
    </ClInclude>
    <ClInclude Include="DxFilterGraph.h">
      <Filter>Header Files</Filter>
    </ClInclude>
    <ClInclude Include="DxNullSource.h">
      <Filter>Header Files</Filter>
    </ClInclude>
    <ClInclude Include="MfxBufferFactory.h">
      <Filter>Header Files</Filter>
    </ClInclude>
    <ClInclude Include="MfxDataQueue.h">
      <Filter>Header Files</Filter>
    </ClInclude>
    <ClInclude Include="MfxEvent.h">
      <Filter>Header Files</Filter>
    </ClInclude>
    <ClInclude Include="MfxEventQueue.h">
      <Filter>Header Files</Filter>
    </ClInclude>
    <ClInclude Include="MfxHostSite.h">
      <Filter>Header Files</Filter>
    </ClInclude>
    <ClInclude Include="MfxMarker.h">
      <Filter>Header Files</Filter>
    </ClInclude>
    <ClInclude Include="MfxMeterKeySigMap.h">
      <Filter>Header Files</Filter>
    </ClInclude>
    <ClInclude Include="MfxSeq.h">
      <Filter>Header Files</Filter>
    </ClInclude>
    <ClInclude Include="MfxTempoMap.h">
      <Filter>Header Files</Filter>
    </ClInclude>
    <ClInclude Include="MfxTrack.h">
      <Filter>Header Files</Filter>
    </ClInclude>
    <ClInclude Include="MidiDefs.h">
      <Filter>Header Files</Filter>
    </ClInclude>
    <ClInclude Include="StdAfx.h">
      <Filter>Header Files</Filter>
    </ClInclude>
    <ClInclude Include="Templates.h">
      <Filter>Header Files</Filter>
    </ClInclude>
    <ClInclude Include="xRPNContext.h">
      <Filter>Header Files</Filter>
    </ClInclude>
  </ItemGroup>
</Project>